// !$*UTF8*$!
{
	archiveVersion = 1;
	classes = {
	};
	objectVersion = 56;
	objects = {

/* Begin PBXBuildFile section */
		E80F147629D47EF700227D1D /* Launch Screen.storyboard in Resources */ = {isa = PBXBuildFile; fileRef = E80F147529D47EF700227D1D /* Launch Screen.storyboard */; };
		E80F147929D482F000227D1D /* Color+Extension.swift in Sources */ = {isa = PBXBuildFile; fileRef = E80F147829D482F000227D1D /* Color+Extension.swift */; };
		E80F147B29D4898F00227D1D /* bundle+Extension.swift in Sources */ = {isa = PBXBuildFile; fileRef = E80F147A29D4898F00227D1D /* bundle+Extension.swift */; };
		E812D70229D1C6CC009ED9A1 /* Flight2App.swift in Sources */ = {isa = PBXBuildFile; fileRef = E812D70129D1C6CC009ED9A1 /* Flight2App.swift */; };
		E812D70429D1C6CC009ED9A1 /* FlightLogHome.swift in Sources */ = {isa = PBXBuildFile; fileRef = E812D70329D1C6CC009ED9A1 /* FlightLogHome.swift */; };
		E812D70629D1C6CD009ED9A1 /* Assets.xcassets in Resources */ = {isa = PBXBuildFile; fileRef = E812D70529D1C6CD009ED9A1 /* Assets.xcassets */; };
		E812D70929D1C6CD009ED9A1 /* Preview Assets.xcassets in Resources */ = {isa = PBXBuildFile; fileRef = E812D70829D1C6CD009ED9A1 /* Preview Assets.xcassets */; };
		E812D71329D1C76E009ED9A1 /* PilotList.swift in Sources */ = {isa = PBXBuildFile; fileRef = E812D71229D1C76E009ED9A1 /* PilotList.swift */; };
		E812D71529D1C77F009ED9A1 /* AircraftList.swift in Sources */ = {isa = PBXBuildFile; fileRef = E812D71429D1C77F009ED9A1 /* AircraftList.swift */; };
		E812D71729D1C78B009ED9A1 /* FlightList.swift in Sources */ = {isa = PBXBuildFile; fileRef = E812D71629D1C78B009ED9A1 /* FlightList.swift */; };
		E812D71A29D1CC2E009ED9A1 /* SettingsView.swift in Sources */ = {isa = PBXBuildFile; fileRef = E812D71929D1CC2E009ED9A1 /* SettingsView.swift */; };
		E812D71C29D1CC3A009ED9A1 /* InfoView.swift in Sources */ = {isa = PBXBuildFile; fileRef = E812D71B29D1CC3A009ED9A1 /* InfoView.swift */; };
		E82C34882A2F2CE1000D1F74 /* AircraftEditAircraft.swift in Sources */ = {isa = PBXBuildFile; fileRef = E82C34872A2F2CE1000D1F74 /* AircraftEditAircraft.swift */; };
		E82C348A2A2F2D46000D1F74 /* AircraftEditPurchase.swift in Sources */ = {isa = PBXBuildFile; fileRef = E82C34892A2F2D46000D1F74 /* AircraftEditPurchase.swift */; };
		E82C348C2A2F2DAE000D1F74 /* AircraftEditNotes.swift in Sources */ = {isa = PBXBuildFile; fileRef = E82C348B2A2F2DAE000D1F74 /* AircraftEditNotes.swift */; };
		E82C348E2A2F3047000D1F74 /* AircraftEditMaintenance.swift in Sources */ = {isa = PBXBuildFile; fileRef = E82C348D2A2F3047000D1F74 /* AircraftEditMaintenance.swift */; };
		E838A20D2A51C2C40024628D /* PDFTools.xcframework in Frameworks */ = {isa = PBXBuildFile; fileRef = E838A20C2A51C2C40024628D /* PDFTools.xcframework */; };
		E838A20E2A51C2C40024628D /* PDFTools.xcframework in Embed Frameworks */ = {isa = PBXBuildFile; fileRef = E838A20C2A51C2C40024628D /* PDFTools.xcframework */; settings = {ATTRIBUTES = (CodeSignOnCopy, RemoveHeadersOnCopy, ); }; };
		E838A2102A51C6230024628D /* ShowReport.swift in Sources */ = {isa = PBXBuildFile; fileRef = E838A20F2A51C6230024628D /* ShowReport.swift */; };
		E845A5A52A2F5ACF001436C9 /* MaintenanceListView.swift in Sources */ = {isa = PBXBuildFile; fileRef = E845A5A42A2F5ACF001436C9 /* MaintenanceListView.swift */; };
		E845A5A72A2F5AE3001436C9 /* MaintenanceItemCellView.swift in Sources */ = {isa = PBXBuildFile; fileRef = E845A5A62A2F5AE3001436C9 /* MaintenanceItemCellView.swift */; };
		E845A5A92A2F5AFA001436C9 /* MaintenanceItemView.swift in Sources */ = {isa = PBXBuildFile; fileRef = E845A5A82A2F5AFA001436C9 /* MaintenanceItemView.swift */; };
		E845A5AB2A2F5B0A001436C9 /* MaintenanceItemEditView.swift in Sources */ = {isa = PBXBuildFile; fileRef = E845A5AA2A2F5B0A001436C9 /* MaintenanceItemEditView.swift */; };
		E85E912F2A15272800C4B174 /* UtilityClasses.xcframework in Frameworks */ = {isa = PBXBuildFile; fileRef = E85E912E2A15272800C4B174 /* UtilityClasses.xcframework */; };
		E85E91302A15272800C4B174 /* UtilityClasses.xcframework in Embed Frameworks */ = {isa = PBXBuildFile; fileRef = E85E912E2A15272800C4B174 /* UtilityClasses.xcframework */; settings = {ATTRIBUTES = (CodeSignOnCopy, RemoveHeadersOnCopy, ); }; };
		E86159B72A28D6B4001EC0C2 /* AircraftMaintenanceLog.swift in Sources */ = {isa = PBXBuildFile; fileRef = E86159B12A28D6B4001EC0C2 /* AircraftMaintenanceLog.swift */; };
		E86159B82A28D6B4001EC0C2 /* AircraftDetailHeading.swift in Sources */ = {isa = PBXBuildFile; fileRef = E86159B22A28D6B4001EC0C2 /* AircraftDetailHeading.swift */; };
		E86159B92A28D6B4001EC0C2 /* AircraftDeletedIndicator.swift in Sources */ = {isa = PBXBuildFile; fileRef = E86159B32A28D6B4001EC0C2 /* AircraftDeletedIndicator.swift */; };
		E86159BA2A28D6B4001EC0C2 /* AircraftDetailNotes.swift in Sources */ = {isa = PBXBuildFile; fileRef = E86159B42A28D6B4001EC0C2 /* AircraftDetailNotes.swift */; };
		E86159BB2A28D6B4001EC0C2 /* AircraftBasicDetail.swift in Sources */ = {isa = PBXBuildFile; fileRef = E86159B52A28D6B4001EC0C2 /* AircraftBasicDetail.swift */; };
		E86159BC2A28D6B4001EC0C2 /* AircraftPurchaseDetail.swift in Sources */ = {isa = PBXBuildFile; fileRef = E86159B62A28D6B4001EC0C2 /* AircraftPurchaseDetail.swift */; };
		E874728629D333F60088C513 /* ViewStyleToggle.swift in Sources */ = {isa = PBXBuildFile; fileRef = E874728529D333F60088C513 /* ViewStyleToggle.swift */; };
		E88D940329E5DD5200087E97 /* NothingSelectedView.swift in Sources */ = {isa = PBXBuildFile; fileRef = E88D940229E5DD5200087E97 /* NothingSelectedView.swift */; };
		E88D940929E5E16C00087E97 /* FlightListViewModel.swift in Sources */ = {isa = PBXBuildFile; fileRef = E88D940829E5E16C00087E97 /* FlightListViewModel.swift */; };
		E88D940B29E5E18800087E97 /* FlightPrimaryListCell.swift in Sources */ = {isa = PBXBuildFile; fileRef = E88D940A29E5E18800087E97 /* FlightPrimaryListCell.swift */; };
		E88E62072A38B703009B8DAA /* Messages.swift in Sources */ = {isa = PBXBuildFile; fileRef = E88E62042A38B703009B8DAA /* Messages.swift */; };
		E88E62082A38B703009B8DAA /* MessageBoxView.swift in Sources */ = {isa = PBXBuildFile; fileRef = E88E62052A38B703009B8DAA /* MessageBoxView.swift */; };
		E88E62092A38B703009B8DAA /* MessageBoxViewModifier.swift in Sources */ = {isa = PBXBuildFile; fileRef = E88E62062A38B703009B8DAA /* MessageBoxViewModifier.swift */; };
		E88E620B2A38BA88009B8DAA /* APPButtonText.swift in Sources */ = {isa = PBXBuildFile; fileRef = E88E620A2A38BA88009B8DAA /* APPButtonText.swift */; };
		E89282E129D1D120000BB957 /* ListTitleBar.swift in Sources */ = {isa = PBXBuildFile; fileRef = E89282E029D1D120000BB957 /* ListTitleBar.swift */; };
		E8B4C2CD29ED44E600D4B452 /* FlightDetailViewModel.swift in Sources */ = {isa = PBXBuildFile; fileRef = E8B4C2CB29ED44E600D4B452 /* FlightDetailViewModel.swift */; };
		E8B4C2CE29ED44E600D4B452 /* FlightDetailView.swift in Sources */ = {isa = PBXBuildFile; fileRef = E8B4C2CC29ED44E600D4B452 /* FlightDetailView.swift */; };
		E8B4C2D629ED450200D4B452 /* FlightDetailPreflightView.swift in Sources */ = {isa = PBXBuildFile; fileRef = E8B4C2D029ED450200D4B452 /* FlightDetailPreflightView.swift */; };
		E8B4C2D729ED450200D4B452 /* FlightDetailNotesView.swift in Sources */ = {isa = PBXBuildFile; fileRef = E8B4C2D129ED450200D4B452 /* FlightDetailNotesView.swift */; };
		E8B4C2D829ED450200D4B452 /* FlightDetailActivityView.swift in Sources */ = {isa = PBXBuildFile; fileRef = E8B4C2D229ED450200D4B452 /* FlightDetailActivityView.swift */; };
		E8B4C2D929ED450200D4B452 /* FlightDetailLocationView.swift in Sources */ = {isa = PBXBuildFile; fileRef = E8B4C2D329ED450200D4B452 /* FlightDetailLocationView.swift */; };
		E8B4C2DA29ED450200D4B452 /* FlightDetailParticipantsView.swift in Sources */ = {isa = PBXBuildFile; fileRef = E8B4C2D429ED450200D4B452 /* FlightDetailParticipantsView.swift */; };
		E8B4C2DB29ED450200D4B452 /* FlightDetailFlightView.swift in Sources */ = {isa = PBXBuildFile; fileRef = E8B4C2D529ED450200D4B452 /* FlightDetailFlightView.swift */; };
		E8C89E0A29E98379000E7EB5 /* FlightEditViewModel.swift in Sources */ = {isa = PBXBuildFile; fileRef = E8C89E0929E98379000E7EB5 /* FlightEditViewModel.swift */; };
		E8C89E0C29E983EB000E7EB5 /* FlightEditView.swift in Sources */ = {isa = PBXBuildFile; fileRef = E8C89E0B29E983EB000E7EB5 /* FlightEditView.swift */; };
		E8C89E1429E984A7000E7EB5 /* FlightEditLocation.swift in Sources */ = {isa = PBXBuildFile; fileRef = E8C89E0E29E984A7000E7EB5 /* FlightEditLocation.swift */; };
		E8C89E1529E984A7000E7EB5 /* FlightEditFlight.swift in Sources */ = {isa = PBXBuildFile; fileRef = E8C89E0F29E984A7000E7EB5 /* FlightEditFlight.swift */; };
		E8C89E1629E984A7000E7EB5 /* FlightEditParticipants.swift in Sources */ = {isa = PBXBuildFile; fileRef = E8C89E1029E984A7000E7EB5 /* FlightEditParticipants.swift */; };
		E8C89E1729E984A7000E7EB5 /* FlightEditNotes.swift in Sources */ = {isa = PBXBuildFile; fileRef = E8C89E1129E984A7000E7EB5 /* FlightEditNotes.swift */; };
		E8C89E1829E984A7000E7EB5 /* FlightEditPreflight.swift in Sources */ = {isa = PBXBuildFile; fileRef = E8C89E1229E984A7000E7EB5 /* FlightEditPreflight.swift */; };
		E8C89E1929E984A7000E7EB5 /* FlightEditTitle.swift in Sources */ = {isa = PBXBuildFile; fileRef = E8C89E1329E984A7000E7EB5 /* FlightEditTitle.swift */; };
		E8C89E1F29E985C8000E7EB5 /* FlightIssueView.swift in Sources */ = {isa = PBXBuildFile; fileRef = E8C89E1B29E985C8000E7EB5 /* FlightIssueView.swift */; };
		E8C89E2029E985C8000E7EB5 /* FlightIssueEditView.swift in Sources */ = {isa = PBXBuildFile; fileRef = E8C89E1C29E985C8000E7EB5 /* FlightIssueEditView.swift */; };
		E8C89E2129E985C8000E7EB5 /* FlightIssuesListView.swift in Sources */ = {isa = PBXBuildFile; fileRef = E8C89E1D29E985C8000E7EB5 /* FlightIssuesListView.swift */; };
		E8C89E2229E985C8000E7EB5 /* FlightIssueCell.swift in Sources */ = {isa = PBXBuildFile; fileRef = E8C89E1E29E985C8000E7EB5 /* FlightIssueCell.swift */; };
		E8C89E2529E98C1C000E7EB5 /* FlightListFilterView.swift in Sources */ = {isa = PBXBuildFile; fileRef = E8C89E2429E98C1B000E7EB5 /* FlightListFilterView.swift */; };
		E8C8EE2B29DED5F7001823D3 /* PilotEdit.swift in Sources */ = {isa = PBXBuildFile; fileRef = E8C8EE2A29DED5F7001823D3 /* PilotEdit.swift */; };
		E8C8EE2D29DED62D001823D3 /* PilotEditViewModel.swift in Sources */ = {isa = PBXBuildFile; fileRef = E8C8EE2C29DED62D001823D3 /* PilotEditViewModel.swift */; };
		E8CB80342A1CBC7500510D73 /* AircraftListView.swift in Sources */ = {isa = PBXBuildFile; fileRef = E8CB80332A1CBC7500510D73 /* AircraftListView.swift */; };
		E8CB80372A1CBCE200510D73 /* AircraftCardView.swift in Sources */ = {isa = PBXBuildFile; fileRef = E8CB80352A1CBCE200510D73 /* AircraftCardView.swift */; };
		E8CB80382A1CBCE200510D73 /* AircraftCardListView.swift in Sources */ = {isa = PBXBuildFile; fileRef = E8CB80362A1CBCE200510D73 /* AircraftCardListView.swift */; };
		E8CB803B2A1CBDCC00510D73 /* AircraftGridListView.swift in Sources */ = {isa = PBXBuildFile; fileRef = E8CB80392A1CBDCC00510D73 /* AircraftGridListView.swift */; };
		E8CB803C2A1CBDCC00510D73 /* AircraftGridCellView.swift in Sources */ = {isa = PBXBuildFile; fileRef = E8CB803A2A1CBDCC00510D73 /* AircraftGridCellView.swift */; };
		E8CCCF872A1D0B7100963F22 /* ShowTime.swift in Sources */ = {isa = PBXBuildFile; fileRef = E8CCCF862A1D0B7100963F22 /* ShowTime.swift */; };
		E8CCFFAA2A5166F40087C3FA /* AircraftDetailsView.swift in Sources */ = {isa = PBXBuildFile; fileRef = E8CCFFA92A5166F40087C3FA /* AircraftDetailsView.swift */; };
		E8CCFFAC2A5167CF0087C3FA /* AircraftEditDetails.swift in Sources */ = {isa = PBXBuildFile; fileRef = E8CCFFAB2A5167CF0087C3FA /* AircraftEditDetails.swift */; };
		E8D3EF9B29D4BE1300C042DB /* SectionTitle.swift in Sources */ = {isa = PBXBuildFile; fileRef = E8D3EF9A29D4BE1300C042DB /* SectionTitle.swift */; };
		E8D3EF9E29D4C07500C042DB /* GroupFlightsBy.swift in Sources */ = {isa = PBXBuildFile; fileRef = E8D3EF9D29D4C07500C042DB /* GroupFlightsBy.swift */; };
		E8D3EFA029D4C0C000C042DB /* FlightAgeSelection.swift in Sources */ = {isa = PBXBuildFile; fileRef = E8D3EF9F29D4C0C000C042DB /* FlightAgeSelection.swift */; };
		E8D3EFA329D4C31E00C042DB /* Mantis in Frameworks */ = {isa = PBXBuildFile; productRef = E8D3EFA229D4C31E00C042DB /* Mantis */; };
		E8D3EFA829D4C35D00C042DB /* PlaceHolderView.swift in Sources */ = {isa = PBXBuildFile; fileRef = E8D3EFA529D4C35D00C042DB /* PlaceHolderView.swift */; };
		E8D3EFA929D4C35D00C042DB /* ImageCropper.swift in Sources */ = {isa = PBXBuildFile; fileRef = E8D3EFA629D4C35D00C042DB /* ImageCropper.swift */; };
		E8D3EFAA29D4C35D00C042DB /* ImagePickerView.swift in Sources */ = {isa = PBXBuildFile; fileRef = E8D3EFA729D4C35D00C042DB /* ImagePickerView.swift */; };
		E8D3EFB029D4C3DE00C042DB /* StorageProvider.swift in Sources */ = {isa = PBXBuildFile; fileRef = E8D3EFAF29D4C3DE00C042DB /* StorageProvider.swift */; };
		E8D3EFB329D4C3F800C042DB /* UIImage+Transformer.swift in Sources */ = {isa = PBXBuildFile; fileRef = E8D3EFB229D4C3F800C042DB /* UIImage+Transformer.swift */; };
		E8D3EFB829D4C40300C042DB /* Aircraft+Extensions.swift in Sources */ = {isa = PBXBuildFile; fileRef = E8D3EFB429D4C40200C042DB /* Aircraft+Extensions.swift */; };
		E8D3EFB929D4C40300C042DB /* Flight+Extensions.swift in Sources */ = {isa = PBXBuildFile; fileRef = E8D3EFB529D4C40200C042DB /* Flight+Extensions.swift */; };
		E8D3EFBA29D4C40300C042DB /* FlightIssue+Extensions.swift in Sources */ = {isa = PBXBuildFile; fileRef = E8D3EFB629D4C40300C042DB /* FlightIssue+Extensions.swift */; };
		E8D3EFBB29D4C40300C042DB /* Pilot+Extensions.swift in Sources */ = {isa = PBXBuildFile; fileRef = E8D3EFB729D4C40300C042DB /* Pilot+Extensions.swift */; };
		E8D3EFC229D4C41400C042DB /* BaseModel.swift in Sources */ = {isa = PBXBuildFile; fileRef = E8D3EFBC29D4C41300C042DB /* BaseModel.swift */; };
		E8D3EFC329D4C41400C042DB /* db.xcdatamodeld in Sources */ = {isa = PBXBuildFile; fileRef = E8D3EFBD29D4C41300C042DB /* db.xcdatamodeld */; };
		E8D3EFC429D4C41400C042DB /* SavedImage+CoreDataProperties.swift in Sources */ = {isa = PBXBuildFile; fileRef = E8D3EFBF29D4C41300C042DB /* SavedImage+CoreDataProperties.swift */; };
		E8D3EFC529D4C41400C042DB /* SearchOptonsBase.swift in Sources */ = {isa = PBXBuildFile; fileRef = E8D3EFC029D4C41300C042DB /* SearchOptonsBase.swift */; };
		E8D3EFC629D4C41400C042DB /* SavedImage+CoreDataClass.swift in Sources */ = {isa = PBXBuildFile; fileRef = E8D3EFC129D4C41300C042DB /* SavedImage+CoreDataClass.swift */; };
		E8D3EFC829D4C46C00C042DB /* PicketOption+Extensions.swift in Sources */ = {isa = PBXBuildFile; fileRef = E8D3EFC729D4C46C00C042DB /* PicketOption+Extensions.swift */; };
		E8D3EFCA29D4C47700C042DB /* Date+Extensions.swift in Sources */ = {isa = PBXBuildFile; fileRef = E8D3EFC929D4C47700C042DB /* Date+Extensions.swift */; };
		E8D3EFCF29D4C56400C042DB /* MessageCenter.swift in Sources */ = {isa = PBXBuildFile; fileRef = E8D3EFCC29D4C56400C042DB /* MessageCenter.swift */; };
		E8D3EFD029D4C56400C042DB /* Validators.swift in Sources */ = {isa = PBXBuildFile; fileRef = E8D3EFCD29D4C56400C042DB /* Validators.swift */; };
		E8D88ECF29E441B200621F69 /* AircraftListViewModel.swift in Sources */ = {isa = PBXBuildFile; fileRef = E8D88ECE29E441B200621F69 /* AircraftListViewModel.swift */; };
		E8D88ED129E4451900621F69 /* AircraftListCellView.swift in Sources */ = {isa = PBXBuildFile; fileRef = E8D88ED029E4451900621F69 /* AircraftListCellView.swift */; };
		E8D88ED629E448CC00621F69 /* AircraftDetailView.swift in Sources */ = {isa = PBXBuildFile; fileRef = E8D88ED529E448CC00621F69 /* AircraftDetailView.swift */; };
		E8D88ED829E448DF00621F69 /* AircraftDetailViewModel.swift in Sources */ = {isa = PBXBuildFile; fileRef = E8D88ED729E448DF00621F69 /* AircraftDetailViewModel.swift */; };
		E8D88EDA29E448F300621F69 /* AircraftEdit.swift in Sources */ = {isa = PBXBuildFile; fileRef = E8D88ED929E448F300621F69 /* AircraftEdit.swift */; };
		E8D88EDC29E4491200621F69 /* AircraftEditViewModel.swift in Sources */ = {isa = PBXBuildFile; fileRef = E8D88EDB29E4491200621F69 /* AircraftEditViewModel.swift */; };
		E8DCA84229DD735A000E4961 /* PilotListViewModel.swift in Sources */ = {isa = PBXBuildFile; fileRef = E8DCA84129DD735A000E4961 /* PilotListViewModel.swift */; };
		E8DCA84429DD809F000E4961 /* PilotListCellView.swift in Sources */ = {isa = PBXBuildFile; fileRef = E8DCA84329DD809F000E4961 /* PilotListCellView.swift */; };
		E8DCA84629DD839E000E4961 /* PilotDetailView.swift in Sources */ = {isa = PBXBuildFile; fileRef = E8DCA84529DD839E000E4961 /* PilotDetailView.swift */; };
		E8DCA84829DD83C2000E4961 /* PilotDetailViewModel.swift in Sources */ = {isa = PBXBuildFile; fileRef = E8DCA84729DD83C2000E4961 /* PilotDetailViewModel.swift */; };
		E8DCA84A29DD863B000E4961 /* DetailLine.swift in Sources */ = {isa = PBXBuildFile; fileRef = E8DCA84929DD863B000E4961 /* DetailLine.swift */; };
		E8E640302A2B777900BB05EE /* AircraftMaintenance+Extensions.swift in Sources */ = {isa = PBXBuildFile; fileRef = E8E6402F2A2B777900BB05EE /* AircraftMaintenance+Extensions.swift */; };
		E8F0D9CB29EEB9040031C6EC /* FlightSecondaryListCell.swift in Sources */ = {isa = PBXBuildFile; fileRef = E8F0D9CA29EEB9040031C6EC /* FlightSecondaryListCell.swift */; };
		E8F279572A1BE65000C77185 /* UtilityViews.xcframework in Frameworks */ = {isa = PBXBuildFile; fileRef = E8D3EF9629D4BD2B00C042DB /* UtilityViews.xcframework */; };
		E8F279582A1BE65000C77185 /* UtilityViews.xcframework in Embed Frameworks */ = {isa = PBXBuildFile; fileRef = E8D3EF9629D4BD2B00C042DB /* UtilityViews.xcframework */; settings = {ATTRIBUTES = (CodeSignOnCopy, RemoveHeadersOnCopy, ); }; };
		E8F2795B2A1BEF1800C77185 /* PilotCardView.swift in Sources */ = {isa = PBXBuildFile; fileRef = E8F279592A1BEF1800C77185 /* PilotCardView.swift */; };
		E8F2795C2A1BEF1800C77185 /* PilotCardListView.swift in Sources */ = {isa = PBXBuildFile; fileRef = E8F2795A2A1BEF1800C77185 /* PilotCardListView.swift */; };
		E8F279602A1BF0DB00C77185 /* PilotListView.swift in Sources */ = {isa = PBXBuildFile; fileRef = E8F2795F2A1BF0DB00C77185 /* PilotListView.swift */; };
		E8F279662A1BFAE900C77185 /* PilotGridCellView.swift in Sources */ = {isa = PBXBuildFile; fileRef = E8F279642A1BFAE900C77185 /* PilotGridCellView.swift */; };
		E8F279672A1BFAE900C77185 /* PilotGridListView.swift in Sources */ = {isa = PBXBuildFile; fileRef = E8F279652A1BFAE900C77185 /* PilotGridListView.swift */; };
		E8F9333A2A3765AE00FFFA78 /* Statistics.swift in Sources */ = {isa = PBXBuildFile; fileRef = E8F933392A3765AE00FFFA78 /* Statistics.swift */; };
		E8F9333D2A37663B00FFFA78 /* StatisticsView.swift in Sources */ = {isa = PBXBuildFile; fileRef = E8F9333C2A37663B00FFFA78 /* StatisticsView.swift */; };
		E8F9333F2A37710B00FFFA78 /* AircraftStatisticsView.swift in Sources */ = {isa = PBXBuildFile; fileRef = E8F9333E2A37710B00FFFA78 /* AircraftStatisticsView.swift */; };
/* End PBXBuildFile section */

/* Begin PBXCopyFilesBuildPhase section */
		E8D3EF9929D4BD2B00C042DB /* Embed Frameworks */ = {
			isa = PBXCopyFilesBuildPhase;
			buildActionMask = 2147483647;
			dstPath = "";
			dstSubfolderSpec = 10;
			files = (
				E838A20E2A51C2C40024628D /* PDFTools.xcframework in Embed Frameworks */,
				E85E91302A15272800C4B174 /* UtilityClasses.xcframework in Embed Frameworks */,
				E8F279582A1BE65000C77185 /* UtilityViews.xcframework in Embed Frameworks */,
			);
			name = "Embed Frameworks";
			runOnlyForDeploymentPostprocessing = 0;
		};
/* End PBXCopyFilesBuildPhase section */

/* Begin PBXFileReference section */
		E80F147529D47EF700227D1D /* Launch Screen.storyboard */ = {isa = PBXFileReference; lastKnownFileType = file.storyboard; path = "Launch Screen.storyboard"; sourceTree = "<group>"; };
		E80F147829D482F000227D1D /* Color+Extension.swift */ = {isa = PBXFileReference; lastKnownFileType = sourcecode.swift; path = "Color+Extension.swift"; sourceTree = "<group>"; };
		E80F147A29D4898F00227D1D /* bundle+Extension.swift */ = {isa = PBXFileReference; lastKnownFileType = sourcecode.swift; path = "bundle+Extension.swift"; sourceTree = "<group>"; };
		E812D6FE29D1C6CC009ED9A1 /* Flight2.app */ = {isa = PBXFileReference; explicitFileType = wrapper.application; includeInIndex = 0; path = Flight2.app; sourceTree = BUILT_PRODUCTS_DIR; };
		E812D70129D1C6CC009ED9A1 /* Flight2App.swift */ = {isa = PBXFileReference; lastKnownFileType = sourcecode.swift; path = Flight2App.swift; sourceTree = "<group>"; };
		E812D70329D1C6CC009ED9A1 /* FlightLogHome.swift */ = {isa = PBXFileReference; lastKnownFileType = sourcecode.swift; path = FlightLogHome.swift; sourceTree = "<group>"; };
		E812D70529D1C6CD009ED9A1 /* Assets.xcassets */ = {isa = PBXFileReference; lastKnownFileType = folder.assetcatalog; path = Assets.xcassets; sourceTree = "<group>"; };
		E812D70829D1C6CD009ED9A1 /* Preview Assets.xcassets */ = {isa = PBXFileReference; lastKnownFileType = folder.assetcatalog; path = "Preview Assets.xcassets"; sourceTree = "<group>"; };
		E812D71229D1C76E009ED9A1 /* PilotList.swift */ = {isa = PBXFileReference; lastKnownFileType = sourcecode.swift; path = PilotList.swift; sourceTree = "<group>"; };
		E812D71429D1C77F009ED9A1 /* AircraftList.swift */ = {isa = PBXFileReference; lastKnownFileType = sourcecode.swift; path = AircraftList.swift; sourceTree = "<group>"; };
		E812D71629D1C78B009ED9A1 /* FlightList.swift */ = {isa = PBXFileReference; lastKnownFileType = sourcecode.swift; path = FlightList.swift; sourceTree = "<group>"; };
		E812D71929D1CC2E009ED9A1 /* SettingsView.swift */ = {isa = PBXFileReference; lastKnownFileType = sourcecode.swift; path = SettingsView.swift; sourceTree = "<group>"; };
		E812D71B29D1CC3A009ED9A1 /* InfoView.swift */ = {isa = PBXFileReference; lastKnownFileType = sourcecode.swift; path = InfoView.swift; sourceTree = "<group>"; };
		E82C34872A2F2CE1000D1F74 /* AircraftEditAircraft.swift */ = {isa = PBXFileReference; lastKnownFileType = sourcecode.swift; path = AircraftEditAircraft.swift; sourceTree = "<group>"; };
		E82C34892A2F2D46000D1F74 /* AircraftEditPurchase.swift */ = {isa = PBXFileReference; lastKnownFileType = sourcecode.swift; path = AircraftEditPurchase.swift; sourceTree = "<group>"; };
		E82C348B2A2F2DAE000D1F74 /* AircraftEditNotes.swift */ = {isa = PBXFileReference; lastKnownFileType = sourcecode.swift; path = AircraftEditNotes.swift; sourceTree = "<group>"; };
		E82C348D2A2F3047000D1F74 /* AircraftEditMaintenance.swift */ = {isa = PBXFileReference; lastKnownFileType = sourcecode.swift; path = AircraftEditMaintenance.swift; sourceTree = "<group>"; };
		E838A20C2A51C2C40024628D /* PDFTools.xcframework */ = {isa = PBXFileReference; lastKnownFileType = wrapper.xcframework; name = PDFTools.xcframework; path = ../Frameworks/PDFGenerator/PDFTools/build/PDFTools.xcframework; sourceTree = "<group>"; };
		E838A20F2A51C6230024628D /* ShowReport.swift */ = {isa = PBXFileReference; lastKnownFileType = sourcecode.swift; path = ShowReport.swift; sourceTree = "<group>"; };
		E845A5A42A2F5ACF001436C9 /* MaintenanceListView.swift */ = {isa = PBXFileReference; lastKnownFileType = sourcecode.swift; path = MaintenanceListView.swift; sourceTree = "<group>"; };
		E845A5A62A2F5AE3001436C9 /* MaintenanceItemCellView.swift */ = {isa = PBXFileReference; lastKnownFileType = sourcecode.swift; path = MaintenanceItemCellView.swift; sourceTree = "<group>"; };
		E845A5A82A2F5AFA001436C9 /* MaintenanceItemView.swift */ = {isa = PBXFileReference; lastKnownFileType = sourcecode.swift; path = MaintenanceItemView.swift; sourceTree = "<group>"; };
		E845A5AA2A2F5B0A001436C9 /* MaintenanceItemEditView.swift */ = {isa = PBXFileReference; lastKnownFileType = sourcecode.swift; path = MaintenanceItemEditView.swift; sourceTree = "<group>"; };
		E85E912E2A15272800C4B174 /* UtilityClasses.xcframework */ = {isa = PBXFileReference; lastKnownFileType = wrapper.xcframework; name = UtilityClasses.xcframework; path = ../Frameworks/UtilityClasses/UtilityClasses/build/UtilityClasses.xcframework; sourceTree = "<group>"; };
		E86159B12A28D6B4001EC0C2 /* AircraftMaintenanceLog.swift */ = {isa = PBXFileReference; fileEncoding = 4; lastKnownFileType = sourcecode.swift; path = AircraftMaintenanceLog.swift; sourceTree = "<group>"; };
		E86159B22A28D6B4001EC0C2 /* AircraftDetailHeading.swift */ = {isa = PBXFileReference; fileEncoding = 4; lastKnownFileType = sourcecode.swift; path = AircraftDetailHeading.swift; sourceTree = "<group>"; };
		E86159B32A28D6B4001EC0C2 /* AircraftDeletedIndicator.swift */ = {isa = PBXFileReference; fileEncoding = 4; lastKnownFileType = sourcecode.swift; path = AircraftDeletedIndicator.swift; sourceTree = "<group>"; };
		E86159B42A28D6B4001EC0C2 /* AircraftDetailNotes.swift */ = {isa = PBXFileReference; fileEncoding = 4; lastKnownFileType = sourcecode.swift; path = AircraftDetailNotes.swift; sourceTree = "<group>"; };
		E86159B52A28D6B4001EC0C2 /* AircraftBasicDetail.swift */ = {isa = PBXFileReference; fileEncoding = 4; lastKnownFileType = sourcecode.swift; path = AircraftBasicDetail.swift; sourceTree = "<group>"; };
		E86159B62A28D6B4001EC0C2 /* AircraftPurchaseDetail.swift */ = {isa = PBXFileReference; fileEncoding = 4; lastKnownFileType = sourcecode.swift; path = AircraftPurchaseDetail.swift; sourceTree = "<group>"; };
		E874728529D333F60088C513 /* ViewStyleToggle.swift */ = {isa = PBXFileReference; lastKnownFileType = sourcecode.swift; path = ViewStyleToggle.swift; sourceTree = "<group>"; };
		E88D940229E5DD5200087E97 /* NothingSelectedView.swift */ = {isa = PBXFileReference; lastKnownFileType = sourcecode.swift; path = NothingSelectedView.swift; sourceTree = "<group>"; };
		E88D940829E5E16C00087E97 /* FlightListViewModel.swift */ = {isa = PBXFileReference; lastKnownFileType = sourcecode.swift; path = FlightListViewModel.swift; sourceTree = "<group>"; };
		E88D940A29E5E18800087E97 /* FlightPrimaryListCell.swift */ = {isa = PBXFileReference; lastKnownFileType = sourcecode.swift; path = FlightPrimaryListCell.swift; sourceTree = "<group>"; };
		E88E62022A38AE33009B8DAA /* db 3.xcdatamodel */ = {isa = PBXFileReference; lastKnownFileType = wrapper.xcdatamodel; path = "db 3.xcdatamodel"; sourceTree = "<group>"; };
		E88E62042A38B703009B8DAA /* Messages.swift */ = {isa = PBXFileReference; fileEncoding = 4; lastKnownFileType = sourcecode.swift; path = Messages.swift; sourceTree = "<group>"; };
		E88E62052A38B703009B8DAA /* MessageBoxView.swift */ = {isa = PBXFileReference; fileEncoding = 4; lastKnownFileType = sourcecode.swift; path = MessageBoxView.swift; sourceTree = "<group>"; };
		E88E62062A38B703009B8DAA /* MessageBoxViewModifier.swift */ = {isa = PBXFileReference; fileEncoding = 4; lastKnownFileType = sourcecode.swift; path = MessageBoxViewModifier.swift; sourceTree = "<group>"; };
		E88E620A2A38BA88009B8DAA /* APPButtonText.swift */ = {isa = PBXFileReference; fileEncoding = 4; lastKnownFileType = sourcecode.swift; path = APPButtonText.swift; sourceTree = "<group>"; };
		E89282E029D1D120000BB957 /* ListTitleBar.swift */ = {isa = PBXFileReference; lastKnownFileType = sourcecode.swift; path = ListTitleBar.swift; sourceTree = "<group>"; };
		E8B4C2CB29ED44E600D4B452 /* FlightDetailViewModel.swift */ = {isa = PBXFileReference; fileEncoding = 4; lastKnownFileType = sourcecode.swift; path = FlightDetailViewModel.swift; sourceTree = "<group>"; };
		E8B4C2CC29ED44E600D4B452 /* FlightDetailView.swift */ = {isa = PBXFileReference; fileEncoding = 4; lastKnownFileType = sourcecode.swift; path = FlightDetailView.swift; sourceTree = "<group>"; };
		E8B4C2D029ED450200D4B452 /* FlightDetailPreflightView.swift */ = {isa = PBXFileReference; fileEncoding = 4; lastKnownFileType = sourcecode.swift; path = FlightDetailPreflightView.swift; sourceTree = "<group>"; };
		E8B4C2D129ED450200D4B452 /* FlightDetailNotesView.swift */ = {isa = PBXFileReference; fileEncoding = 4; lastKnownFileType = sourcecode.swift; path = FlightDetailNotesView.swift; sourceTree = "<group>"; };
		E8B4C2D229ED450200D4B452 /* FlightDetailActivityView.swift */ = {isa = PBXFileReference; fileEncoding = 4; lastKnownFileType = sourcecode.swift; path = FlightDetailActivityView.swift; sourceTree = "<group>"; };
		E8B4C2D329ED450200D4B452 /* FlightDetailLocationView.swift */ = {isa = PBXFileReference; fileEncoding = 4; lastKnownFileType = sourcecode.swift; path = FlightDetailLocationView.swift; sourceTree = "<group>"; };
		E8B4C2D429ED450200D4B452 /* FlightDetailParticipantsView.swift */ = {isa = PBXFileReference; fileEncoding = 4; lastKnownFileType = sourcecode.swift; path = FlightDetailParticipantsView.swift; sourceTree = "<group>"; };
		E8B4C2D529ED450200D4B452 /* FlightDetailFlightView.swift */ = {isa = PBXFileReference; fileEncoding = 4; lastKnownFileType = sourcecode.swift; path = FlightDetailFlightView.swift; sourceTree = "<group>"; };
		E8C89E0929E98379000E7EB5 /* FlightEditViewModel.swift */ = {isa = PBXFileReference; lastKnownFileType = sourcecode.swift; path = FlightEditViewModel.swift; sourceTree = "<group>"; };
		E8C89E0B29E983EB000E7EB5 /* FlightEditView.swift */ = {isa = PBXFileReference; lastKnownFileType = sourcecode.swift; path = FlightEditView.swift; sourceTree = "<group>"; };
		E8C89E0E29E984A7000E7EB5 /* FlightEditLocation.swift */ = {isa = PBXFileReference; fileEncoding = 4; lastKnownFileType = sourcecode.swift; path = FlightEditLocation.swift; sourceTree = "<group>"; };
		E8C89E0F29E984A7000E7EB5 /* FlightEditFlight.swift */ = {isa = PBXFileReference; fileEncoding = 4; lastKnownFileType = sourcecode.swift; path = FlightEditFlight.swift; sourceTree = "<group>"; };
		E8C89E1029E984A7000E7EB5 /* FlightEditParticipants.swift */ = {isa = PBXFileReference; fileEncoding = 4; lastKnownFileType = sourcecode.swift; path = FlightEditParticipants.swift; sourceTree = "<group>"; };
		E8C89E1129E984A7000E7EB5 /* FlightEditNotes.swift */ = {isa = PBXFileReference; fileEncoding = 4; lastKnownFileType = sourcecode.swift; path = FlightEditNotes.swift; sourceTree = "<group>"; };
		E8C89E1229E984A7000E7EB5 /* FlightEditPreflight.swift */ = {isa = PBXFileReference; fileEncoding = 4; lastKnownFileType = sourcecode.swift; path = FlightEditPreflight.swift; sourceTree = "<group>"; };
		E8C89E1329E984A7000E7EB5 /* FlightEditTitle.swift */ = {isa = PBXFileReference; fileEncoding = 4; lastKnownFileType = sourcecode.swift; path = FlightEditTitle.swift; sourceTree = "<group>"; };
		E8C89E1B29E985C8000E7EB5 /* FlightIssueView.swift */ = {isa = PBXFileReference; fileEncoding = 4; lastKnownFileType = sourcecode.swift; path = FlightIssueView.swift; sourceTree = "<group>"; };
		E8C89E1C29E985C8000E7EB5 /* FlightIssueEditView.swift */ = {isa = PBXFileReference; fileEncoding = 4; lastKnownFileType = sourcecode.swift; path = FlightIssueEditView.swift; sourceTree = "<group>"; };
		E8C89E1D29E985C8000E7EB5 /* FlightIssuesListView.swift */ = {isa = PBXFileReference; fileEncoding = 4; lastKnownFileType = sourcecode.swift; path = FlightIssuesListView.swift; sourceTree = "<group>"; };
		E8C89E1E29E985C8000E7EB5 /* FlightIssueCell.swift */ = {isa = PBXFileReference; fileEncoding = 4; lastKnownFileType = sourcecode.swift; path = FlightIssueCell.swift; sourceTree = "<group>"; };
		E8C89E2429E98C1B000E7EB5 /* FlightListFilterView.swift */ = {isa = PBXFileReference; fileEncoding = 4; lastKnownFileType = sourcecode.swift; path = FlightListFilterView.swift; sourceTree = "<group>"; };
		E8C8EE2A29DED5F7001823D3 /* PilotEdit.swift */ = {isa = PBXFileReference; lastKnownFileType = sourcecode.swift; path = PilotEdit.swift; sourceTree = "<group>"; };
		E8C8EE2C29DED62D001823D3 /* PilotEditViewModel.swift */ = {isa = PBXFileReference; lastKnownFileType = sourcecode.swift; path = PilotEditViewModel.swift; sourceTree = "<group>"; };
		E8CB80332A1CBC7500510D73 /* AircraftListView.swift */ = {isa = PBXFileReference; lastKnownFileType = sourcecode.swift; path = AircraftListView.swift; sourceTree = "<group>"; };
		E8CB80352A1CBCE200510D73 /* AircraftCardView.swift */ = {isa = PBXFileReference; fileEncoding = 4; lastKnownFileType = sourcecode.swift; path = AircraftCardView.swift; sourceTree = "<group>"; };
		E8CB80362A1CBCE200510D73 /* AircraftCardListView.swift */ = {isa = PBXFileReference; fileEncoding = 4; lastKnownFileType = sourcecode.swift; path = AircraftCardListView.swift; sourceTree = "<group>"; };
		E8CB80392A1CBDCC00510D73 /* AircraftGridListView.swift */ = {isa = PBXFileReference; fileEncoding = 4; lastKnownFileType = sourcecode.swift; path = AircraftGridListView.swift; sourceTree = "<group>"; };
		E8CB803A2A1CBDCC00510D73 /* AircraftGridCellView.swift */ = {isa = PBXFileReference; fileEncoding = 4; lastKnownFileType = sourcecode.swift; path = AircraftGridCellView.swift; sourceTree = "<group>"; };
		E8CCCF862A1D0B7100963F22 /* ShowTime.swift */ = {isa = PBXFileReference; fileEncoding = 4; lastKnownFileType = sourcecode.swift; path = ShowTime.swift; sourceTree = "<group>"; };
		E8CCFFA92A5166F40087C3FA /* AircraftDetailsView.swift */ = {isa = PBXFileReference; lastKnownFileType = sourcecode.swift; path = AircraftDetailsView.swift; sourceTree = "<group>"; };
		E8CCFFAB2A5167CF0087C3FA /* AircraftEditDetails.swift */ = {isa = PBXFileReference; lastKnownFileType = sourcecode.swift; path = AircraftEditDetails.swift; sourceTree = "<group>"; };
		E8D3EF9629D4BD2B00C042DB /* UtilityViews.xcframework */ = {isa = PBXFileReference; lastKnownFileType = wrapper.xcframework; name = UtilityViews.xcframework; path = ../../Apps/Frameworks/UtilityViews/UtilityViews/build/UtilityViews.xcframework; sourceTree = "<group>"; };
		E8D3EF9A29D4BE1300C042DB /* SectionTitle.swift */ = {isa = PBXFileReference; lastKnownFileType = sourcecode.swift; path = SectionTitle.swift; sourceTree = "<group>"; };
		E8D3EF9D29D4C07500C042DB /* GroupFlightsBy.swift */ = {isa = PBXFileReference; lastKnownFileType = sourcecode.swift; path = GroupFlightsBy.swift; sourceTree = "<group>"; };
		E8D3EF9F29D4C0C000C042DB /* FlightAgeSelection.swift */ = {isa = PBXFileReference; lastKnownFileType = sourcecode.swift; path = FlightAgeSelection.swift; sourceTree = "<group>"; };
		E8D3EFA529D4C35D00C042DB /* PlaceHolderView.swift */ = {isa = PBXFileReference; fileEncoding = 4; lastKnownFileType = sourcecode.swift; path = PlaceHolderView.swift; sourceTree = "<group>"; };
		E8D3EFA629D4C35D00C042DB /* ImageCropper.swift */ = {isa = PBXFileReference; fileEncoding = 4; lastKnownFileType = sourcecode.swift; path = ImageCropper.swift; sourceTree = "<group>"; };
		E8D3EFA729D4C35D00C042DB /* ImagePickerView.swift */ = {isa = PBXFileReference; fileEncoding = 4; lastKnownFileType = sourcecode.swift; path = ImagePickerView.swift; sourceTree = "<group>"; };
		E8D3EFAF29D4C3DE00C042DB /* StorageProvider.swift */ = {isa = PBXFileReference; fileEncoding = 4; lastKnownFileType = sourcecode.swift; path = StorageProvider.swift; sourceTree = "<group>"; };
		E8D3EFB229D4C3F800C042DB /* UIImage+Transformer.swift */ = {isa = PBXFileReference; fileEncoding = 4; lastKnownFileType = sourcecode.swift; path = "UIImage+Transformer.swift"; sourceTree = "<group>"; };
		E8D3EFB429D4C40200C042DB /* Aircraft+Extensions.swift */ = {isa = PBXFileReference; fileEncoding = 4; lastKnownFileType = sourcecode.swift; path = "Aircraft+Extensions.swift"; sourceTree = "<group>"; };
		E8D3EFB529D4C40200C042DB /* Flight+Extensions.swift */ = {isa = PBXFileReference; fileEncoding = 4; lastKnownFileType = sourcecode.swift; path = "Flight+Extensions.swift"; sourceTree = "<group>"; };
		E8D3EFB629D4C40300C042DB /* FlightIssue+Extensions.swift */ = {isa = PBXFileReference; fileEncoding = 4; lastKnownFileType = sourcecode.swift; path = "FlightIssue+Extensions.swift"; sourceTree = "<group>"; };
		E8D3EFB729D4C40300C042DB /* Pilot+Extensions.swift */ = {isa = PBXFileReference; fileEncoding = 4; lastKnownFileType = sourcecode.swift; path = "Pilot+Extensions.swift"; sourceTree = "<group>"; };
		E8D3EFBC29D4C41300C042DB /* BaseModel.swift */ = {isa = PBXFileReference; fileEncoding = 4; lastKnownFileType = sourcecode.swift; path = BaseModel.swift; sourceTree = "<group>"; };
		E8D3EFBE29D4C41300C042DB /* db.xcdatamodel */ = {isa = PBXFileReference; lastKnownFileType = wrapper.xcdatamodel; path = db.xcdatamodel; sourceTree = "<group>"; };
		E8D3EFBF29D4C41300C042DB /* SavedImage+CoreDataProperties.swift */ = {isa = PBXFileReference; fileEncoding = 4; lastKnownFileType = sourcecode.swift; path = "SavedImage+CoreDataProperties.swift"; sourceTree = "<group>"; };
		E8D3EFC029D4C41300C042DB /* SearchOptonsBase.swift */ = {isa = PBXFileReference; fileEncoding = 4; lastKnownFileType = sourcecode.swift; path = SearchOptonsBase.swift; sourceTree = "<group>"; };
		E8D3EFC129D4C41300C042DB /* SavedImage+CoreDataClass.swift */ = {isa = PBXFileReference; fileEncoding = 4; lastKnownFileType = sourcecode.swift; path = "SavedImage+CoreDataClass.swift"; sourceTree = "<group>"; };
		E8D3EFC729D4C46C00C042DB /* PicketOption+Extensions.swift */ = {isa = PBXFileReference; fileEncoding = 4; lastKnownFileType = sourcecode.swift; path = "PicketOption+Extensions.swift"; sourceTree = "<group>"; };
		E8D3EFC929D4C47700C042DB /* Date+Extensions.swift */ = {isa = PBXFileReference; fileEncoding = 4; lastKnownFileType = sourcecode.swift; path = "Date+Extensions.swift"; sourceTree = "<group>"; };
		E8D3EFCC29D4C56400C042DB /* MessageCenter.swift */ = {isa = PBXFileReference; fileEncoding = 4; lastKnownFileType = sourcecode.swift; path = MessageCenter.swift; sourceTree = "<group>"; };
		E8D3EFCD29D4C56400C042DB /* Validators.swift */ = {isa = PBXFileReference; fileEncoding = 4; lastKnownFileType = sourcecode.swift; path = Validators.swift; sourceTree = "<group>"; };
		E8D88ECE29E441B200621F69 /* AircraftListViewModel.swift */ = {isa = PBXFileReference; lastKnownFileType = sourcecode.swift; path = AircraftListViewModel.swift; sourceTree = "<group>"; };
		E8D88ED029E4451900621F69 /* AircraftListCellView.swift */ = {isa = PBXFileReference; lastKnownFileType = sourcecode.swift; path = AircraftListCellView.swift; sourceTree = "<group>"; };
		E8D88ED529E448CC00621F69 /* AircraftDetailView.swift */ = {isa = PBXFileReference; lastKnownFileType = sourcecode.swift; path = AircraftDetailView.swift; sourceTree = "<group>"; };
		E8D88ED729E448DF00621F69 /* AircraftDetailViewModel.swift */ = {isa = PBXFileReference; lastKnownFileType = sourcecode.swift; path = AircraftDetailViewModel.swift; sourceTree = "<group>"; };
		E8D88ED929E448F300621F69 /* AircraftEdit.swift */ = {isa = PBXFileReference; lastKnownFileType = sourcecode.swift; path = AircraftEdit.swift; sourceTree = "<group>"; };
		E8D88EDB29E4491200621F69 /* AircraftEditViewModel.swift */ = {isa = PBXFileReference; lastKnownFileType = sourcecode.swift; path = AircraftEditViewModel.swift; sourceTree = "<group>"; };
		E8DCA84129DD735A000E4961 /* PilotListViewModel.swift */ = {isa = PBXFileReference; lastKnownFileType = sourcecode.swift; path = PilotListViewModel.swift; sourceTree = "<group>"; };
		E8DCA84329DD809F000E4961 /* PilotListCellView.swift */ = {isa = PBXFileReference; lastKnownFileType = sourcecode.swift; path = PilotListCellView.swift; sourceTree = "<group>"; };
		E8DCA84529DD839E000E4961 /* PilotDetailView.swift */ = {isa = PBXFileReference; lastKnownFileType = sourcecode.swift; path = PilotDetailView.swift; sourceTree = "<group>"; };
		E8DCA84729DD83C2000E4961 /* PilotDetailViewModel.swift */ = {isa = PBXFileReference; lastKnownFileType = sourcecode.swift; path = PilotDetailViewModel.swift; sourceTree = "<group>"; };
		E8DCA84929DD863B000E4961 /* DetailLine.swift */ = {isa = PBXFileReference; lastKnownFileType = sourcecode.swift; path = DetailLine.swift; sourceTree = "<group>"; };
		E8E6402F2A2B777900BB05EE /* AircraftMaintenance+Extensions.swift */ = {isa = PBXFileReference; lastKnownFileType = sourcecode.swift; path = "AircraftMaintenance+Extensions.swift"; sourceTree = "<group>"; };
		E8F0D9CA29EEB9040031C6EC /* FlightSecondaryListCell.swift */ = {isa = PBXFileReference; lastKnownFileType = sourcecode.swift; path = FlightSecondaryListCell.swift; sourceTree = "<group>"; };
		E8F279592A1BEF1800C77185 /* PilotCardView.swift */ = {isa = PBXFileReference; fileEncoding = 4; lastKnownFileType = sourcecode.swift; path = PilotCardView.swift; sourceTree = "<group>"; };
		E8F2795A2A1BEF1800C77185 /* PilotCardListView.swift */ = {isa = PBXFileReference; fileEncoding = 4; lastKnownFileType = sourcecode.swift; path = PilotCardListView.swift; sourceTree = "<group>"; };
		E8F2795F2A1BF0DB00C77185 /* PilotListView.swift */ = {isa = PBXFileReference; lastKnownFileType = sourcecode.swift; path = PilotListView.swift; sourceTree = "<group>"; };
		E8F279642A1BFAE900C77185 /* PilotGridCellView.swift */ = {isa = PBXFileReference; fileEncoding = 4; lastKnownFileType = sourcecode.swift; path = PilotGridCellView.swift; sourceTree = "<group>"; };
		E8F279652A1BFAE900C77185 /* PilotGridListView.swift */ = {isa = PBXFileReference; fileEncoding = 4; lastKnownFileType = sourcecode.swift; path = PilotGridListView.swift; sourceTree = "<group>"; };
		E8F5AF672A28E15F00D0EA69 /* db 2.xcdatamodel */ = {isa = PBXFileReference; lastKnownFileType = wrapper.xcdatamodel; path = "db 2.xcdatamodel"; sourceTree = "<group>"; };
		E8F933392A3765AE00FFFA78 /* Statistics.swift */ = {isa = PBXFileReference; lastKnownFileType = sourcecode.swift; path = Statistics.swift; sourceTree = "<group>"; };
		E8F9333C2A37663B00FFFA78 /* StatisticsView.swift */ = {isa = PBXFileReference; lastKnownFileType = sourcecode.swift; path = StatisticsView.swift; sourceTree = "<group>"; };
		E8F9333E2A37710B00FFFA78 /* AircraftStatisticsView.swift */ = {isa = PBXFileReference; lastKnownFileType = sourcecode.swift; path = AircraftStatisticsView.swift; sourceTree = "<group>"; };
/* End PBXFileReference section */

/* Begin PBXFrameworksBuildPhase section */
		E812D6FB29D1C6CC009ED9A1 /* Frameworks */ = {
			isa = PBXFrameworksBuildPhase;
			buildActionMask = 2147483647;
			files = (
				E8F279572A1BE65000C77185 /* UtilityViews.xcframework in Frameworks */,
				E8D3EFA329D4C31E00C042DB /* Mantis in Frameworks */,
				E838A20D2A51C2C40024628D /* PDFTools.xcframework in Frameworks */,
				E85E912F2A15272800C4B174 /* UtilityClasses.xcframework in Frameworks */,
			);
			runOnlyForDeploymentPostprocessing = 0;
		};
/* End PBXFrameworksBuildPhase section */

/* Begin PBXGroup section */
		E80F147729D482D800227D1D /* Extensions */ = {
			isa = PBXGroup;
			children = (
				E8D3EFC929D4C47700C042DB /* Date+Extensions.swift */,
				E8D3EFC729D4C46C00C042DB /* PicketOption+Extensions.swift */,
				E80F147829D482F000227D1D /* Color+Extension.swift */,
				E80F147A29D4898F00227D1D /* bundle+Extension.swift */,
			);
			path = Extensions;
			sourceTree = "<group>";
		};
		E80F147C29D48A1A00227D1D /* Content */ = {
			isa = PBXGroup;
			children = (
				E812D71129D1C759009ED9A1 /* Flights */,
				E812D71029D1C748009ED9A1 /* Aircraft */,
				E812D70F29D1C73E009ED9A1 /* Pilots */,
			);
			path = Content;
			sourceTree = "<group>";
		};
		E812D6F529D1C6CC009ED9A1 = {
			isa = PBXGroup;
			children = (
				E812D70029D1C6CC009ED9A1 /* Flight2 */,
				E812D6FF29D1C6CC009ED9A1 /* Products */,
				E8D3EF9529D4BD2B00C042DB /* Frameworks */,
			);
			sourceTree = "<group>";
		};
		E812D6FF29D1C6CC009ED9A1 /* Products */ = {
			isa = PBXGroup;
			children = (
				E812D6FE29D1C6CC009ED9A1 /* Flight2.app */,
			);
			name = Products;
			sourceTree = "<group>";
		};
		E812D70029D1C6CC009ED9A1 /* Flight2 */ = {
			isa = PBXGroup;
			children = (
				E8D3EF9C29D4BEFC00C042DB /* AppStartup */,
				E80F147C29D48A1A00227D1D /* Content */,
				E8D3EFAB29D4C39900C042DB /* DataModel */,
				E80F147729D482D800227D1D /* Extensions */,
				E812D71829D1CC1E009ED9A1 /* Admin */,
				E89282E229D1D127000BB957 /* Helpers */,
				E812D70529D1C6CD009ED9A1 /* Assets.xcassets */,
				E812D70729D1C6CD009ED9A1 /* Preview Content */,
			);
			path = Flight2;
			sourceTree = "<group>";
		};
		E812D70729D1C6CD009ED9A1 /* Preview Content */ = {
			isa = PBXGroup;
			children = (
				E812D70829D1C6CD009ED9A1 /* Preview Assets.xcassets */,
			);
			path = "Preview Content";
			sourceTree = "<group>";
		};
		E812D70F29D1C73E009ED9A1 /* Pilots */ = {
			isa = PBXGroup;
			children = (
				E8DCA84B29DD8865000E4961 /* List */,
				E8DCA84C29DD886D000E4961 /* Detail */,
				E8DCA84D29DD887B000E4961 /* Edit */,
			);
			path = Pilots;
			sourceTree = "<group>";
		};
		E812D71029D1C748009ED9A1 /* Aircraft */ = {
			isa = PBXGroup;
			children = (
				E8D88ED229E446BE00621F69 /* List */,
				E8D88ED329E4489C00621F69 /* Detail */,
				E8D88ED429E448AA00621F69 /* Edit */,
			);
			path = Aircraft;
			sourceTree = "<group>";
		};
		E812D71129D1C759009ED9A1 /* Flights */ = {
			isa = PBXGroup;
			children = (
				E88D940729E5E12900087E97 /* Enums */,
				E88D940629E5E11500087E97 /* List */,
				E88D940529E5E10C00087E97 /* Detail */,
				E88D940429E5E10300087E97 /* Edit */,
			);
			path = Flights;
			sourceTree = "<group>";
		};
		E812D71829D1CC1E009ED9A1 /* Admin */ = {
			isa = PBXGroup;
			children = (
				E812D71929D1CC2E009ED9A1 /* SettingsView.swift */,
				E812D71B29D1CC3A009ED9A1 /* InfoView.swift */,
			);
			path = Admin;
			sourceTree = "<group>";
		};
		E82C34862A2F2C5A000D1F74 /* AircraftEditComponents */ = {
			isa = PBXGroup;
			children = (
				E845A5A32A2F5AAD001436C9 /* AircraftMaintenance */,
				E82C34872A2F2CE1000D1F74 /* AircraftEditAircraft.swift */,
				E82C34892A2F2D46000D1F74 /* AircraftEditPurchase.swift */,
				E82C348B2A2F2DAE000D1F74 /* AircraftEditNotes.swift */,
				E82C348D2A2F3047000D1F74 /* AircraftEditMaintenance.swift */,
				E8CCFFAB2A5167CF0087C3FA /* AircraftEditDetails.swift */,
			);
			path = AircraftEditComponents;
			sourceTree = "<group>";
		};
		E845A5A32A2F5AAD001436C9 /* AircraftMaintenance */ = {
			isa = PBXGroup;
			children = (
				E845A5A42A2F5ACF001436C9 /* MaintenanceListView.swift */,
				E845A5A62A2F5AE3001436C9 /* MaintenanceItemCellView.swift */,
				E845A5A82A2F5AFA001436C9 /* MaintenanceItemView.swift */,
				E845A5AA2A2F5B0A001436C9 /* MaintenanceItemEditView.swift */,
			);
			path = AircraftMaintenance;
			sourceTree = "<group>";
		};
		E86159B02A28D6B4001EC0C2 /* DetailComponents */ = {
			isa = PBXGroup;
			children = (
				E86159B12A28D6B4001EC0C2 /* AircraftMaintenanceLog.swift */,
				E86159B22A28D6B4001EC0C2 /* AircraftDetailHeading.swift */,
				E86159B32A28D6B4001EC0C2 /* AircraftDeletedIndicator.swift */,
				E86159B52A28D6B4001EC0C2 /* AircraftBasicDetail.swift */,
				E86159B42A28D6B4001EC0C2 /* AircraftDetailNotes.swift */,
				E86159B62A28D6B4001EC0C2 /* AircraftPurchaseDetail.swift */,
				E8F9333E2A37710B00FFFA78 /* AircraftStatisticsView.swift */,
				E8CCFFA92A5166F40087C3FA /* AircraftDetailsView.swift */,
			);
			path = DetailComponents;
			sourceTree = "<group>";
		};
		E88D940429E5E10300087E97 /* Edit */ = {
			isa = PBXGroup;
			children = (
				E8C89E0D29E98487000E7EB5 /* FlightEditPages */,
				E8C89E0B29E983EB000E7EB5 /* FlightEditView.swift */,
				E8C89E0929E98379000E7EB5 /* FlightEditViewModel.swift */,
			);
			path = Edit;
			sourceTree = "<group>";
		};
		E88D940529E5E10C00087E97 /* Detail */ = {
			isa = PBXGroup;
			children = (
				E8B4C2CF29ED44F000D4B452 /* DetilaComponents */,
				E8B4C2CC29ED44E600D4B452 /* FlightDetailView.swift */,
				E8B4C2CB29ED44E600D4B452 /* FlightDetailViewModel.swift */,
			);
			path = Detail;
			sourceTree = "<group>";
		};
		E88D940629E5E11500087E97 /* List */ = {
			isa = PBXGroup;
			children = (
				E8C89E2329E98C03000E7EB5 /* Filters */,
				E812D71629D1C78B009ED9A1 /* FlightList.swift */,
				E88D940829E5E16C00087E97 /* FlightListViewModel.swift */,
				E88D940A29E5E18800087E97 /* FlightPrimaryListCell.swift */,
				E8F0D9CA29EEB9040031C6EC /* FlightSecondaryListCell.swift */,
			);
			path = List;
			sourceTree = "<group>";
		};
		E88D940729E5E12900087E97 /* Enums */ = {
			isa = PBXGroup;
			children = (
				E8D3EF9F29D4C0C000C042DB /* FlightAgeSelection.swift */,
				E8D3EF9D29D4C07500C042DB /* GroupFlightsBy.swift */,
			);
			path = Enums;
			sourceTree = "<group>";
		};
		E88E62032A38B703009B8DAA /* MessageBox */ = {
			isa = PBXGroup;
			children = (
				E88E62042A38B703009B8DAA /* Messages.swift */,
				E88E62052A38B703009B8DAA /* MessageBoxView.swift */,
				E88E62062A38B703009B8DAA /* MessageBoxViewModifier.swift */,
				E88E620A2A38BA88009B8DAA /* APPButtonText.swift */,
			);
			path = MessageBox;
			sourceTree = "<group>";
		};
		E89282E229D1D127000BB957 /* Helpers */ = {
			isa = PBXGroup;
			children = (
				E88E62032A38B703009B8DAA /* MessageBox */,
				E8CCCF862A1D0B7100963F22 /* ShowTime.swift */,
				E8D3EFCC29D4C56400C042DB /* MessageCenter.swift */,
				E8D3EFCD29D4C56400C042DB /* Validators.swift */,
				E8D3EFA429D4C34400C042DB /* Images */,
				E89282E029D1D120000BB957 /* ListTitleBar.swift */,
				E874728529D333F60088C513 /* ViewStyleToggle.swift */,
				E8D3EF9A29D4BE1300C042DB /* SectionTitle.swift */,
				E8DCA84929DD863B000E4961 /* DetailLine.swift */,
				E88D940229E5DD5200087E97 /* NothingSelectedView.swift */,
				E8F9333B2A37662A00FFFA78 /* Statistics */,
				E838A20F2A51C6230024628D /* ShowReport.swift */,
			);
			path = Helpers;
			sourceTree = "<group>";
		};
		E8B4C2CF29ED44F000D4B452 /* DetilaComponents */ = {
			isa = PBXGroup;
			children = (
				E8B4C2D229ED450200D4B452 /* FlightDetailActivityView.swift */,
				E8B4C2D529ED450200D4B452 /* FlightDetailFlightView.swift */,
				E8B4C2D329ED450200D4B452 /* FlightDetailLocationView.swift */,
				E8B4C2D129ED450200D4B452 /* FlightDetailNotesView.swift */,
				E8B4C2D429ED450200D4B452 /* FlightDetailParticipantsView.swift */,
				E8B4C2D029ED450200D4B452 /* FlightDetailPreflightView.swift */,
			);
			path = DetilaComponents;
			sourceTree = "<group>";
		};
		E8C89E0D29E98487000E7EB5 /* FlightEditPages */ = {
			isa = PBXGroup;
			children = (
				E8C89E1A29E985A9000E7EB5 /* FlightIssues */,
				E8C89E0F29E984A7000E7EB5 /* FlightEditFlight.swift */,
				E8C89E0E29E984A7000E7EB5 /* FlightEditLocation.swift */,
				E8C89E1129E984A7000E7EB5 /* FlightEditNotes.swift */,
				E8C89E1029E984A7000E7EB5 /* FlightEditParticipants.swift */,
				E8C89E1229E984A7000E7EB5 /* FlightEditPreflight.swift */,
				E8C89E1329E984A7000E7EB5 /* FlightEditTitle.swift */,
			);
			path = FlightEditPages;
			sourceTree = "<group>";
		};
		E8C89E1A29E985A9000E7EB5 /* FlightIssues */ = {
			isa = PBXGroup;
			children = (
				E8C89E1D29E985C8000E7EB5 /* FlightIssuesListView.swift */,
				E8C89E1E29E985C8000E7EB5 /* FlightIssueCell.swift */,
				E8C89E1B29E985C8000E7EB5 /* FlightIssueView.swift */,
				E8C89E1C29E985C8000E7EB5 /* FlightIssueEditView.swift */,
			);
			path = FlightIssues;
			sourceTree = "<group>";
		};
		E8C89E2329E98C03000E7EB5 /* Filters */ = {
			isa = PBXGroup;
			children = (
				E8C89E2429E98C1B000E7EB5 /* FlightListFilterView.swift */,
			);
			path = Filters;
			sourceTree = "<group>";
		};
		E8CB80302A1CBBEA00510D73 /* CardView */ = {
			isa = PBXGroup;
			children = (
				E8CB80362A1CBCE200510D73 /* AircraftCardListView.swift */,
				E8CB80352A1CBCE200510D73 /* AircraftCardView.swift */,
			);
			path = CardView;
			sourceTree = "<group>";
		};
		E8CB80312A1CBBF400510D73 /* ListView */ = {
			isa = PBXGroup;
			children = (
				E8D88ED029E4451900621F69 /* AircraftListCellView.swift */,
				E8CB80332A1CBC7500510D73 /* AircraftListView.swift */,
			);
			path = ListView;
			sourceTree = "<group>";
		};
		E8CB80322A1CBBFC00510D73 /* GridView */ = {
			isa = PBXGroup;
			children = (
				E8CB803A2A1CBDCC00510D73 /* AircraftGridCellView.swift */,
				E8CB80392A1CBDCC00510D73 /* AircraftGridListView.swift */,
			);
			path = GridView;
			sourceTree = "<group>";
		};
		E8D3EF9529D4BD2B00C042DB /* Frameworks */ = {
			isa = PBXGroup;
			children = (
				E838A20C2A51C2C40024628D /* PDFTools.xcframework */,
				E85E912E2A15272800C4B174 /* UtilityClasses.xcframework */,
				E8D3EF9629D4BD2B00C042DB /* UtilityViews.xcframework */,
			);
			name = Frameworks;
			sourceTree = "<group>";
		};
		E8D3EF9C29D4BEFC00C042DB /* AppStartup */ = {
			isa = PBXGroup;
			children = (
				E80F147529D47EF700227D1D /* Launch Screen.storyboard */,
				E812D70129D1C6CC009ED9A1 /* Flight2App.swift */,
				E812D70329D1C6CC009ED9A1 /* FlightLogHome.swift */,
			);
			path = AppStartup;
			sourceTree = "<group>";
		};
		E8D3EFA429D4C34400C042DB /* Images */ = {
			isa = PBXGroup;
			children = (
				E8D3EFA629D4C35D00C042DB /* ImageCropper.swift */,
				E8D3EFA729D4C35D00C042DB /* ImagePickerView.swift */,
				E8D3EFA529D4C35D00C042DB /* PlaceHolderView.swift */,
			);
			path = Images;
			sourceTree = "<group>";
		};
		E8D3EFAB29D4C39900C042DB /* DataModel */ = {
			isa = PBXGroup;
			children = (
				E8D3EFB129D4C3E800C042DB /* Transformers */,
				E8D3EFAE29D4C3C600C042DB /* ObjectExtensions */,
				E8D3EFAD29D4C3BC00C042DB /* Model */,
				E8D3EFAC29D4C3A900C042DB /* DataAccess */,
			);
			path = DataModel;
			sourceTree = "<group>";
		};
		E8D3EFAC29D4C3A900C042DB /* DataAccess */ = {
			isa = PBXGroup;
			children = (
				E8D3EFAF29D4C3DE00C042DB /* StorageProvider.swift */,
			);
			path = DataAccess;
			sourceTree = "<group>";
		};
		E8D3EFAD29D4C3BC00C042DB /* Model */ = {
			isa = PBXGroup;
			children = (
				E8D3EFBC29D4C41300C042DB /* BaseModel.swift */,
				E8D3EFBD29D4C41300C042DB /* db.xcdatamodeld */,
				E8D3EFC129D4C41300C042DB /* SavedImage+CoreDataClass.swift */,
				E8D3EFBF29D4C41300C042DB /* SavedImage+CoreDataProperties.swift */,
				E8D3EFC029D4C41300C042DB /* SearchOptonsBase.swift */,
			);
			path = Model;
			sourceTree = "<group>";
		};
		E8D3EFAE29D4C3C600C042DB /* ObjectExtensions */ = {
			isa = PBXGroup;
			children = (
				E8D3EFB429D4C40200C042DB /* Aircraft+Extensions.swift */,
				E8D3EFB529D4C40200C042DB /* Flight+Extensions.swift */,
				E8D3EFB629D4C40300C042DB /* FlightIssue+Extensions.swift */,
				E8D3EFB729D4C40300C042DB /* Pilot+Extensions.swift */,
				E8E6402F2A2B777900BB05EE /* AircraftMaintenance+Extensions.swift */,
			);
			path = ObjectExtensions;
			sourceTree = "<group>";
		};
		E8D3EFB129D4C3E800C042DB /* Transformers */ = {
			isa = PBXGroup;
			children = (
				E8D3EFB229D4C3F800C042DB /* UIImage+Transformer.swift */,
			);
			path = Transformers;
			sourceTree = "<group>";
		};
		E8D88ED229E446BE00621F69 /* List */ = {
			isa = PBXGroup;
			children = (
				E8CB80322A1CBBFC00510D73 /* GridView */,
				E8CB80312A1CBBF400510D73 /* ListView */,
				E8CB80302A1CBBEA00510D73 /* CardView */,
				E812D71429D1C77F009ED9A1 /* AircraftList.swift */,
				E8D88ECE29E441B200621F69 /* AircraftListViewModel.swift */,
			);
			path = List;
			sourceTree = "<group>";
		};
		E8D88ED329E4489C00621F69 /* Detail */ = {
			isa = PBXGroup;
			children = (
				E86159B02A28D6B4001EC0C2 /* DetailComponents */,
				E8D88ED529E448CC00621F69 /* AircraftDetailView.swift */,
				E8D88ED729E448DF00621F69 /* AircraftDetailViewModel.swift */,
			);
			path = Detail;
			sourceTree = "<group>";
		};
		E8D88ED429E448AA00621F69 /* Edit */ = {
			isa = PBXGroup;
			children = (
				E82C34862A2F2C5A000D1F74 /* AircraftEditComponents */,
				E8D88ED929E448F300621F69 /* AircraftEdit.swift */,
				E8D88EDB29E4491200621F69 /* AircraftEditViewModel.swift */,
			);
			path = Edit;
			sourceTree = "<group>";
		};
		E8DCA84B29DD8865000E4961 /* List */ = {
			isa = PBXGroup;
			children = (
				E8F279632A1BFA8100C77185 /* Grid View */,
				E8F2795E2A1BF0BF00C77185 /* ListView */,
				E8F2795D2A1BF07700C77185 /* CardView */,
				E812D71229D1C76E009ED9A1 /* PilotList.swift */,
				E8DCA84129DD735A000E4961 /* PilotListViewModel.swift */,
			);
			path = List;
			sourceTree = "<group>";
		};
		E8DCA84C29DD886D000E4961 /* Detail */ = {
			isa = PBXGroup;
			children = (
				E8DCA84529DD839E000E4961 /* PilotDetailView.swift */,
				E8DCA84729DD83C2000E4961 /* PilotDetailViewModel.swift */,
			);
			path = Detail;
			sourceTree = "<group>";
		};
		E8DCA84D29DD887B000E4961 /* Edit */ = {
			isa = PBXGroup;
			children = (
				E8C8EE2A29DED5F7001823D3 /* PilotEdit.swift */,
				E8C8EE2C29DED62D001823D3 /* PilotEditViewModel.swift */,
			);
			path = Edit;
			sourceTree = "<group>";
		};
		E8F2795D2A1BF07700C77185 /* CardView */ = {
			isa = PBXGroup;
			children = (
				E8F2795A2A1BEF1800C77185 /* PilotCardListView.swift */,
				E8F279592A1BEF1800C77185 /* PilotCardView.swift */,
			);
			path = CardView;
			sourceTree = "<group>";
		};
		E8F2795E2A1BF0BF00C77185 /* ListView */ = {
			isa = PBXGroup;
			children = (
				E8DCA84329DD809F000E4961 /* PilotListCellView.swift */,
				E8F2795F2A1BF0DB00C77185 /* PilotListView.swift */,
			);
			path = ListView;
			sourceTree = "<group>";
		};
		E8F279632A1BFA8100C77185 /* Grid View */ = {
			isa = PBXGroup;
			children = (
				E8F279642A1BFAE900C77185 /* PilotGridCellView.swift */,
				E8F279652A1BFAE900C77185 /* PilotGridListView.swift */,
			);
			path = "Grid View";
			sourceTree = "<group>";
		};
		E8F9333B2A37662A00FFFA78 /* Statistics */ = {
			isa = PBXGroup;
			children = (
				E8F933392A3765AE00FFFA78 /* Statistics.swift */,
				E8F9333C2A37663B00FFFA78 /* StatisticsView.swift */,
			);
			path = Statistics;
			sourceTree = "<group>";
		};
/* End PBXGroup section */

/* Begin PBXNativeTarget section */
		E812D6FD29D1C6CC009ED9A1 /* Flight2 */ = {
			isa = PBXNativeTarget;
			buildConfigurationList = E812D70C29D1C6CD009ED9A1 /* Build configuration list for PBXNativeTarget "Flight2" */;
			buildPhases = (
				E812D6FA29D1C6CC009ED9A1 /* Sources */,
				E812D6FB29D1C6CC009ED9A1 /* Frameworks */,
				E812D6FC29D1C6CC009ED9A1 /* Resources */,
				E8D3EF9929D4BD2B00C042DB /* Embed Frameworks */,
				E8F0D9CC29EECFB90031C6EC /* ShellScript */,
			);
			buildRules = (
			);
			dependencies = (
			);
			name = Flight2;
			packageProductDependencies = (
				E8D3EFA229D4C31E00C042DB /* Mantis */,
			);
			productName = Flight2;
			productReference = E812D6FE29D1C6CC009ED9A1 /* Flight2.app */;
			productType = "com.apple.product-type.application";
		};
/* End PBXNativeTarget section */

/* Begin PBXProject section */
		E812D6F629D1C6CC009ED9A1 /* Project object */ = {
			isa = PBXProject;
			attributes = {
				BuildIndependentTargetsInParallel = 1;
				LastSwiftUpdateCheck = 1420;
				LastUpgradeCheck = 1420;
				TargetAttributes = {
					E812D6FD29D1C6CC009ED9A1 = {
						CreatedOnToolsVersion = 14.2;
					};
				};
			};
			buildConfigurationList = E812D6F929D1C6CC009ED9A1 /* Build configuration list for PBXProject "FlightLogV2" */;
			compatibilityVersion = "Xcode 14.0";
			developmentRegion = en;
			hasScannedForEncodings = 0;
			knownRegions = (
				en,
				Base,
			);
			mainGroup = E812D6F529D1C6CC009ED9A1;
			packageReferences = (
				E8D3EFA129D4C31E00C042DB /* XCRemoteSwiftPackageReference "Mantis" */,
			);
			productRefGroup = E812D6FF29D1C6CC009ED9A1 /* Products */;
			projectDirPath = "";
			projectRoot = "";
			targets = (
				E812D6FD29D1C6CC009ED9A1 /* Flight2 */,
			);
		};
/* End PBXProject section */

/* Begin PBXResourcesBuildPhase section */
		E812D6FC29D1C6CC009ED9A1 /* Resources */ = {
			isa = PBXResourcesBuildPhase;
			buildActionMask = 2147483647;
			files = (
				E80F147629D47EF700227D1D /* Launch Screen.storyboard in Resources */,
				E812D70929D1C6CD009ED9A1 /* Preview Assets.xcassets in Resources */,
				E812D70629D1C6CD009ED9A1 /* Assets.xcassets in Resources */,
			);
			runOnlyForDeploymentPostprocessing = 0;
		};
/* End PBXResourcesBuildPhase section */

/* Begin PBXShellScriptBuildPhase section */
		E8F0D9CC29EECFB90031C6EC /* ShellScript */ = {
			isa = PBXShellScriptBuildPhase;
			alwaysOutOfDate = 1;
			buildActionMask = 2147483647;
			files = (
			);
			inputFileListPaths = (
			);
			inputPaths = (
			);
			outputFileListPaths = (
			);
			outputPaths = (
			);
			runOnlyForDeploymentPostprocessing = 0;
			shellPath = /bin/sh;
			shellScript = "# SwiftLint\nswiftlint\n";
		};
/* End PBXShellScriptBuildPhase section */

/* Begin PBXSourcesBuildPhase section */
		E812D6FA29D1C6CC009ED9A1 /* Sources */ = {
			isa = PBXSourcesBuildPhase;
			buildActionMask = 2147483647;
			files = (
				E8C89E2529E98C1C000E7EB5 /* FlightListFilterView.swift in Sources */,
				E8D3EF9E29D4C07500C042DB /* GroupFlightsBy.swift in Sources */,
				E8D3EFC529D4C41400C042DB /* SearchOptonsBase.swift in Sources */,
				E8DCA84829DD83C2000E4961 /* PilotDetailViewModel.swift in Sources */,
				E8D3EFA829D4C35D00C042DB /* PlaceHolderView.swift in Sources */,
				E8C89E1429E984A7000E7EB5 /* FlightEditLocation.swift in Sources */,
				E8C89E1829E984A7000E7EB5 /* FlightEditPreflight.swift in Sources */,
				E812D70429D1C6CC009ED9A1 /* FlightLogHome.swift in Sources */,
				E80F147929D482F000227D1D /* Color+Extension.swift in Sources */,
				E8B4C2D729ED450200D4B452 /* FlightDetailNotesView.swift in Sources */,
				E8D3EFB029D4C3DE00C042DB /* StorageProvider.swift in Sources */,
				E8D3EFC429D4C41400C042DB /* SavedImage+CoreDataProperties.swift in Sources */,
				E8D88ED629E448CC00621F69 /* AircraftDetailView.swift in Sources */,
				E86159BB2A28D6B4001EC0C2 /* AircraftBasicDetail.swift in Sources */,
				E86159B92A28D6B4001EC0C2 /* AircraftDeletedIndicator.swift in Sources */,
				E8D3EFC829D4C46C00C042DB /* PicketOption+Extensions.swift in Sources */,
				E82C348C2A2F2DAE000D1F74 /* AircraftEditNotes.swift in Sources */,
				E812D71729D1C78B009ED9A1 /* FlightList.swift in Sources */,
				E8E640302A2B777900BB05EE /* AircraftMaintenance+Extensions.swift in Sources */,
				E8D3EFC229D4C41400C042DB /* BaseModel.swift in Sources */,
				E82C34882A2F2CE1000D1F74 /* AircraftEditAircraft.swift in Sources */,
				E812D70229D1C6CC009ED9A1 /* Flight2App.swift in Sources */,
				E8F279662A1BFAE900C77185 /* PilotGridCellView.swift in Sources */,
				E874728629D333F60088C513 /* ViewStyleToggle.swift in Sources */,
				E812D71A29D1CC2E009ED9A1 /* SettingsView.swift in Sources */,
				E8F2795C2A1BEF1800C77185 /* PilotCardListView.swift in Sources */,
				E89282E129D1D120000BB957 /* ListTitleBar.swift in Sources */,
				E8D88EDA29E448F300621F69 /* AircraftEdit.swift in Sources */,
				E845A5A92A2F5AFA001436C9 /* MaintenanceItemView.swift in Sources */,
				E8D3EFA029D4C0C000C042DB /* FlightAgeSelection.swift in Sources */,
				E8B4C2DA29ED450200D4B452 /* FlightDetailParticipantsView.swift in Sources */,
				E8B4C2D929ED450200D4B452 /* FlightDetailLocationView.swift in Sources */,
				E845A5A72A2F5AE3001436C9 /* MaintenanceItemCellView.swift in Sources */,
				E8C89E0A29E98379000E7EB5 /* FlightEditViewModel.swift in Sources */,
				E812D71329D1C76E009ED9A1 /* PilotList.swift in Sources */,
				E8CB803B2A1CBDCC00510D73 /* AircraftGridListView.swift in Sources */,
				E8D3EFC629D4C41400C042DB /* SavedImage+CoreDataClass.swift in Sources */,
				E86159B72A28D6B4001EC0C2 /* AircraftMaintenanceLog.swift in Sources */,
				E8D88EDC29E4491200621F69 /* AircraftEditViewModel.swift in Sources */,
				E88D940B29E5E18800087E97 /* FlightPrimaryListCell.swift in Sources */,
				E8F0D9CB29EEB9040031C6EC /* FlightSecondaryListCell.swift in Sources */,
				E88E62082A38B703009B8DAA /* MessageBoxView.swift in Sources */,
				E8CB80372A1CBCE200510D73 /* AircraftCardView.swift in Sources */,
				E88D940329E5DD5200087E97 /* NothingSelectedView.swift in Sources */,
				E845A5AB2A2F5B0A001436C9 /* MaintenanceItemEditView.swift in Sources */,
				E86159B82A28D6B4001EC0C2 /* AircraftDetailHeading.swift in Sources */,
				E8F9333D2A37663B00FFFA78 /* StatisticsView.swift in Sources */,
				E8D3EFA929D4C35D00C042DB /* ImageCropper.swift in Sources */,
				E8CCCF872A1D0B7100963F22 /* ShowTime.swift in Sources */,
				E8CCFFAA2A5166F40087C3FA /* AircraftDetailsView.swift in Sources */,
				E88E620B2A38BA88009B8DAA /* APPButtonText.swift in Sources */,
				E8D88ED129E4451900621F69 /* AircraftListCellView.swift in Sources */,
				E8DCA84229DD735A000E4961 /* PilotListViewModel.swift in Sources */,
				E8F279602A1BF0DB00C77185 /* PilotListView.swift in Sources */,
				E8D3EFC329D4C41400C042DB /* db.xcdatamodeld in Sources */,
				E8DCA84A29DD863B000E4961 /* DetailLine.swift in Sources */,
				E838A2102A51C6230024628D /* ShowReport.swift in Sources */,
				E8C89E2229E985C8000E7EB5 /* FlightIssueCell.swift in Sources */,
				E8C89E1629E984A7000E7EB5 /* FlightEditParticipants.swift in Sources */,
				E86159BC2A28D6B4001EC0C2 /* AircraftPurchaseDetail.swift in Sources */,
				E8D3EFCF29D4C56400C042DB /* MessageCenter.swift in Sources */,
				E88E62072A38B703009B8DAA /* Messages.swift in Sources */,
				E8B4C2DB29ED450200D4B452 /* FlightDetailFlightView.swift in Sources */,
				E8C89E1F29E985C8000E7EB5 /* FlightIssueView.swift in Sources */,
				E8F279672A1BFAE900C77185 /* PilotGridListView.swift in Sources */,
				E845A5A52A2F5ACF001436C9 /* MaintenanceListView.swift in Sources */,
				E8CCFFAC2A5167CF0087C3FA /* AircraftEditDetails.swift in Sources */,
				E8B4C2D629ED450200D4B452 /* FlightDetailPreflightView.swift in Sources */,
				E8D3EF9B29D4BE1300C042DB /* SectionTitle.swift in Sources */,
				E812D71529D1C77F009ED9A1 /* AircraftList.swift in Sources */,
				E8CB803C2A1CBDCC00510D73 /* AircraftGridCellView.swift in Sources */,
				E8C8EE2B29DED5F7001823D3 /* PilotEdit.swift in Sources */,
				E8D3EFB829D4C40300C042DB /* Aircraft+Extensions.swift in Sources */,
				E812D71C29D1CC3A009ED9A1 /* InfoView.swift in Sources */,
				E8DCA84629DD839E000E4961 /* PilotDetailView.swift in Sources */,
				E8D3EFCA29D4C47700C042DB /* Date+Extensions.swift in Sources */,
				E8C89E2129E985C8000E7EB5 /* FlightIssuesListView.swift in Sources */,
				E8C89E2029E985C8000E7EB5 /* FlightIssueEditView.swift in Sources */,
				E8D3EFD029D4C56400C042DB /* Validators.swift in Sources */,
				E80F147B29D4898F00227D1D /* bundle+Extension.swift in Sources */,
				E82C348A2A2F2D46000D1F74 /* AircraftEditPurchase.swift in Sources */,
				E8C89E0C29E983EB000E7EB5 /* FlightEditView.swift in Sources */,
				E8F2795B2A1BEF1800C77185 /* PilotCardView.swift in Sources */,
				E8B4C2CD29ED44E600D4B452 /* FlightDetailViewModel.swift in Sources */,
				E82C348E2A2F3047000D1F74 /* AircraftEditMaintenance.swift in Sources */,
				E8D3EFB929D4C40300C042DB /* Flight+Extensions.swift in Sources */,
				E8CB80382A1CBCE200510D73 /* AircraftCardListView.swift in Sources */,
				E8F9333A2A3765AE00FFFA78 /* Statistics.swift in Sources */,
				E8D3EFBA29D4C40300C042DB /* FlightIssue+Extensions.swift in Sources */,
				E8B4C2D829ED450200D4B452 /* FlightDetailActivityView.swift in Sources */,
				E8DCA84429DD809F000E4961 /* PilotListCellView.swift in Sources */,
				E8D3EFBB29D4C40300C042DB /* Pilot+Extensions.swift in Sources */,
				E88D940929E5E16C00087E97 /* FlightListViewModel.swift in Sources */,
				E86159BA2A28D6B4001EC0C2 /* AircraftDetailNotes.swift in Sources */,
				E8D88ED829E448DF00621F69 /* AircraftDetailViewModel.swift in Sources */,
				E8D88ECF29E441B200621F69 /* AircraftListViewModel.swift in Sources */,
				E8C89E1529E984A7000E7EB5 /* FlightEditFlight.swift in Sources */,
				E8C89E1929E984A7000E7EB5 /* FlightEditTitle.swift in Sources */,
				E8C8EE2D29DED62D001823D3 /* PilotEditViewModel.swift in Sources */,
				E88E62092A38B703009B8DAA /* MessageBoxViewModifier.swift in Sources */,
				E8F9333F2A37710B00FFFA78 /* AircraftStatisticsView.swift in Sources */,
				E8C89E1729E984A7000E7EB5 /* FlightEditNotes.swift in Sources */,
				E8CB80342A1CBC7500510D73 /* AircraftListView.swift in Sources */,
				E8B4C2CE29ED44E600D4B452 /* FlightDetailView.swift in Sources */,
				E8D3EFB329D4C3F800C042DB /* UIImage+Transformer.swift in Sources */,
				E8D3EFAA29D4C35D00C042DB /* ImagePickerView.swift in Sources */,
			);
			runOnlyForDeploymentPostprocessing = 0;
		};
/* End PBXSourcesBuildPhase section */

/* Begin XCBuildConfiguration section */
		E812D70A29D1C6CD009ED9A1 /* Debug */ = {
			isa = XCBuildConfiguration;
			buildSettings = {
				ALWAYS_SEARCH_USER_PATHS = NO;
				CLANG_ANALYZER_NONNULL = YES;
				CLANG_ANALYZER_NUMBER_OBJECT_CONVERSION = YES_AGGRESSIVE;
				CLANG_CXX_LANGUAGE_STANDARD = "gnu++20";
				CLANG_ENABLE_MODULES = YES;
				CLANG_ENABLE_OBJC_ARC = YES;
				CLANG_ENABLE_OBJC_WEAK = YES;
				CLANG_WARN_BLOCK_CAPTURE_AUTORELEASING = YES;
				CLANG_WARN_BOOL_CONVERSION = YES;
				CLANG_WARN_COMMA = YES;
				CLANG_WARN_CONSTANT_CONVERSION = YES;
				CLANG_WARN_DEPRECATED_OBJC_IMPLEMENTATIONS = YES;
				CLANG_WARN_DIRECT_OBJC_ISA_USAGE = YES_ERROR;
				CLANG_WARN_DOCUMENTATION_COMMENTS = YES;
				CLANG_WARN_EMPTY_BODY = YES;
				CLANG_WARN_ENUM_CONVERSION = YES;
				CLANG_WARN_INFINITE_RECURSION = YES;
				CLANG_WARN_INT_CONVERSION = YES;
				CLANG_WARN_NON_LITERAL_NULL_CONVERSION = YES;
				CLANG_WARN_OBJC_IMPLICIT_RETAIN_SELF = YES;
				CLANG_WARN_OBJC_LITERAL_CONVERSION = YES;
				CLANG_WARN_OBJC_ROOT_CLASS = YES_ERROR;
				CLANG_WARN_QUOTED_INCLUDE_IN_FRAMEWORK_HEADER = YES;
				CLANG_WARN_RANGE_LOOP_ANALYSIS = YES;
				CLANG_WARN_STRICT_PROTOTYPES = YES;
				CLANG_WARN_SUSPICIOUS_MOVE = YES;
				CLANG_WARN_UNGUARDED_AVAILABILITY = YES_AGGRESSIVE;
				CLANG_WARN_UNREACHABLE_CODE = YES;
				CLANG_WARN__DUPLICATE_METHOD_MATCH = YES;
				COPY_PHASE_STRIP = NO;
				DEBUG_INFORMATION_FORMAT = dwarf;
				ENABLE_STRICT_OBJC_MSGSEND = YES;
				ENABLE_TESTABILITY = YES;
				GCC_C_LANGUAGE_STANDARD = gnu11;
				GCC_DYNAMIC_NO_PIC = NO;
				GCC_NO_COMMON_BLOCKS = YES;
				GCC_OPTIMIZATION_LEVEL = 0;
				GCC_PREPROCESSOR_DEFINITIONS = (
					"DEBUG=1",
					"$(inherited)",
				);
				GCC_WARN_64_TO_32_BIT_CONVERSION = YES;
				GCC_WARN_ABOUT_RETURN_TYPE = YES_ERROR;
				GCC_WARN_UNDECLARED_SELECTOR = YES;
				GCC_WARN_UNINITIALIZED_AUTOS = YES_AGGRESSIVE;
				GCC_WARN_UNUSED_FUNCTION = YES;
				GCC_WARN_UNUSED_VARIABLE = YES;
				IPHONEOS_DEPLOYMENT_TARGET = 16.2;
				MTL_ENABLE_DEBUG_INFO = INCLUDE_SOURCE;
				MTL_FAST_MATH = YES;
				ONLY_ACTIVE_ARCH = YES;
				SDKROOT = iphoneos;
				SWIFT_ACTIVE_COMPILATION_CONDITIONS = DEBUG;
				SWIFT_OPTIMIZATION_LEVEL = "-Onone";
			};
			name = Debug;
		};
		E812D70B29D1C6CD009ED9A1 /* Release */ = {
			isa = XCBuildConfiguration;
			buildSettings = {
				ALWAYS_SEARCH_USER_PATHS = NO;
				CLANG_ANALYZER_NONNULL = YES;
				CLANG_ANALYZER_NUMBER_OBJECT_CONVERSION = YES_AGGRESSIVE;
				CLANG_CXX_LANGUAGE_STANDARD = "gnu++20";
				CLANG_ENABLE_MODULES = YES;
				CLANG_ENABLE_OBJC_ARC = YES;
				CLANG_ENABLE_OBJC_WEAK = YES;
				CLANG_WARN_BLOCK_CAPTURE_AUTORELEASING = YES;
				CLANG_WARN_BOOL_CONVERSION = YES;
				CLANG_WARN_COMMA = YES;
				CLANG_WARN_CONSTANT_CONVERSION = YES;
				CLANG_WARN_DEPRECATED_OBJC_IMPLEMENTATIONS = YES;
				CLANG_WARN_DIRECT_OBJC_ISA_USAGE = YES_ERROR;
				CLANG_WARN_DOCUMENTATION_COMMENTS = YES;
				CLANG_WARN_EMPTY_BODY = YES;
				CLANG_WARN_ENUM_CONVERSION = YES;
				CLANG_WARN_INFINITE_RECURSION = YES;
				CLANG_WARN_INT_CONVERSION = YES;
				CLANG_WARN_NON_LITERAL_NULL_CONVERSION = YES;
				CLANG_WARN_OBJC_IMPLICIT_RETAIN_SELF = YES;
				CLANG_WARN_OBJC_LITERAL_CONVERSION = YES;
				CLANG_WARN_OBJC_ROOT_CLASS = YES_ERROR;
				CLANG_WARN_QUOTED_INCLUDE_IN_FRAMEWORK_HEADER = YES;
				CLANG_WARN_RANGE_LOOP_ANALYSIS = YES;
				CLANG_WARN_STRICT_PROTOTYPES = YES;
				CLANG_WARN_SUSPICIOUS_MOVE = YES;
				CLANG_WARN_UNGUARDED_AVAILABILITY = YES_AGGRESSIVE;
				CLANG_WARN_UNREACHABLE_CODE = YES;
				CLANG_WARN__DUPLICATE_METHOD_MATCH = YES;
				COPY_PHASE_STRIP = NO;
				DEBUG_INFORMATION_FORMAT = "dwarf-with-dsym";
				ENABLE_NS_ASSERTIONS = NO;
				ENABLE_STRICT_OBJC_MSGSEND = YES;
				GCC_C_LANGUAGE_STANDARD = gnu11;
				GCC_NO_COMMON_BLOCKS = YES;
				GCC_WARN_64_TO_32_BIT_CONVERSION = YES;
				GCC_WARN_ABOUT_RETURN_TYPE = YES_ERROR;
				GCC_WARN_UNDECLARED_SELECTOR = YES;
				GCC_WARN_UNINITIALIZED_AUTOS = YES_AGGRESSIVE;
				GCC_WARN_UNUSED_FUNCTION = YES;
				GCC_WARN_UNUSED_VARIABLE = YES;
				IPHONEOS_DEPLOYMENT_TARGET = 16.2;
				MTL_ENABLE_DEBUG_INFO = NO;
				MTL_FAST_MATH = YES;
				SDKROOT = iphoneos;
				SWIFT_COMPILATION_MODE = wholemodule;
				SWIFT_OPTIMIZATION_LEVEL = "-O";
				VALIDATE_PRODUCT = YES;
			};
			name = Release;
		};
		E812D70D29D1C6CD009ED9A1 /* Debug */ = {
			isa = XCBuildConfiguration;
			buildSettings = {
				ASSETCATALOG_COMPILER_APPICON_NAME = AppIcon;
				ASSETCATALOG_COMPILER_GLOBAL_ACCENT_COLOR_NAME = AccentColor;
				CODE_SIGN_STYLE = Automatic;
				CURRENT_PROJECT_VERSION = 0;
				DEVELOPMENT_ASSET_PATHS = "\"Flight2/Preview Content\"";
				DEVELOPMENT_TEAM = MH62Y8D74P;
				ENABLE_PREVIEWS = YES;
				GENERATE_INFOPLIST_FILE = YES;
				INFOPLIST_KEY_CFBundleDisplayName = "RC Flight Log V2";
				INFOPLIST_KEY_UIApplicationSceneManifest_Generation = YES;
				INFOPLIST_KEY_UIApplicationSupportsIndirectInputEvents = YES;
				INFOPLIST_KEY_UILaunchScreen_Generation = NO;
				INFOPLIST_KEY_UILaunchStoryboardName = "Launch Screen.storyboard";
				INFOPLIST_KEY_UIRequiresFullScreen = NO;
				INFOPLIST_KEY_UISupportedInterfaceOrientations = "UIInterfaceOrientationLandscapeLeft UIInterfaceOrientationLandscapeRight UIInterfaceOrientationPortrait";
				INFOPLIST_KEY_UISupportedInterfaceOrientations_iPad = "UIInterfaceOrientationLandscapeLeft UIInterfaceOrientationLandscapeRight";
				LD_RUNPATH_SEARCH_PATHS = (
					"$(inherited)",
					"@executable_path/Frameworks",
				);
				MARKETING_VERSION = 2.0;
				PRODUCT_BUNDLE_IDENTIFIER = uk.co.sabarnett.Flight2;
				PRODUCT_NAME = "$(TARGET_NAME)";
				SWIFT_EMIT_LOC_STRINGS = YES;
				SWIFT_VERSION = 5.0;
				TARGETED_DEVICE_FAMILY = "1,2";
			};
			name = Debug;
		};
		E812D70E29D1C6CD009ED9A1 /* Release */ = {
			isa = XCBuildConfiguration;
			buildSettings = {
				ASSETCATALOG_COMPILER_APPICON_NAME = AppIcon;
				ASSETCATALOG_COMPILER_GLOBAL_ACCENT_COLOR_NAME = AccentColor;
				CODE_SIGN_STYLE = Automatic;
				CURRENT_PROJECT_VERSION = 0;
				DEVELOPMENT_ASSET_PATHS = "\"Flight2/Preview Content\"";
				DEVELOPMENT_TEAM = MH62Y8D74P;
				ENABLE_PREVIEWS = YES;
				GENERATE_INFOPLIST_FILE = YES;
				INFOPLIST_KEY_CFBundleDisplayName = "RC Flight Log V2";
				INFOPLIST_KEY_UIApplicationSceneManifest_Generation = YES;
				INFOPLIST_KEY_UIApplicationSupportsIndirectInputEvents = YES;
				INFOPLIST_KEY_UILaunchScreen_Generation = NO;
				INFOPLIST_KEY_UILaunchStoryboardName = "Launch Screen.storyboard";
				INFOPLIST_KEY_UIRequiresFullScreen = NO;
				INFOPLIST_KEY_UISupportedInterfaceOrientations = "UIInterfaceOrientationLandscapeLeft UIInterfaceOrientationLandscapeRight UIInterfaceOrientationPortrait";
				INFOPLIST_KEY_UISupportedInterfaceOrientations_iPad = "UIInterfaceOrientationLandscapeLeft UIInterfaceOrientationLandscapeRight";
				LD_RUNPATH_SEARCH_PATHS = (
					"$(inherited)",
					"@executable_path/Frameworks",
				);
				MARKETING_VERSION = 2.0;
				PRODUCT_BUNDLE_IDENTIFIER = uk.co.sabarnett.Flight2;
				PRODUCT_NAME = "$(TARGET_NAME)";
				SWIFT_EMIT_LOC_STRINGS = YES;
				SWIFT_VERSION = 5.0;
				TARGETED_DEVICE_FAMILY = "1,2";
			};
			name = Release;
		};
/* End XCBuildConfiguration section */

/* Begin XCConfigurationList section */
		E812D6F929D1C6CC009ED9A1 /* Build configuration list for PBXProject "FlightLogV2" */ = {
			isa = XCConfigurationList;
			buildConfigurations = (
				E812D70A29D1C6CD009ED9A1 /* Debug */,
				E812D70B29D1C6CD009ED9A1 /* Release */,
			);
			defaultConfigurationIsVisible = 0;
			defaultConfigurationName = Release;
		};
		E812D70C29D1C6CD009ED9A1 /* Build configuration list for PBXNativeTarget "Flight2" */ = {
			isa = XCConfigurationList;
			buildConfigurations = (
				E812D70D29D1C6CD009ED9A1 /* Debug */,
				E812D70E29D1C6CD009ED9A1 /* Release */,
			);
			defaultConfigurationIsVisible = 0;
			defaultConfigurationName = Release;
		};
/* End XCConfigurationList section */

/* Begin XCRemoteSwiftPackageReference section */
		E8D3EFA129D4C31E00C042DB /* XCRemoteSwiftPackageReference "Mantis" */ = {
			isa = XCRemoteSwiftPackageReference;
			repositoryURL = "https://github.com/guoyingtao/Mantis.git";
			requirement = {
				kind = upToNextMajorVersion;
				minimumVersion = 1.0.0;
			};
		};
/* End XCRemoteSwiftPackageReference section */

/* Begin XCSwiftPackageProductDependency section */
		E8D3EFA229D4C31E00C042DB /* Mantis */ = {
			isa = XCSwiftPackageProductDependency;
			package = E8D3EFA129D4C31E00C042DB /* XCRemoteSwiftPackageReference "Mantis" */;
			productName = Mantis;
		};
/* End XCSwiftPackageProductDependency section */

/* Begin XCVersionGroup section */
		E8D3EFBD29D4C41300C042DB /* db.xcdatamodeld */ = {
			isa = XCVersionGroup;
			children = (
				E88E62022A38AE33009B8DAA /* db 3.xcdatamodel */,
				E8F5AF672A28E15F00D0EA69 /* db 2.xcdatamodel */,
				E8D3EFBE29D4C41300C042DB /* db.xcdatamodel */,
			);
			currentVersion = E88E62022A38AE33009B8DAA /* db 3.xcdatamodel */;
			path = db.xcdatamodeld;
			sourceTree = "<group>";
			versionGroupType = wrapper.xcdatamodel;
		};
/* End XCVersionGroup section */
	};
	rootObject = E812D6F629D1C6CC009ED9A1 /* Project object */;
}
